// !$*UTF8*$!
{
	archiveVersion = 1;
	classes = {
	};
	objectVersion = 56;
	objects = {

/* Begin PBXBuildFile section */
		57C5BCD32CC82A11004929BC /* AppDelegate.swift in Sources */ = {isa = PBXBuildFile; fileRef = 57C5BCD22CC82A11004929BC /* AppDelegate.swift */; };
		57C5BCD52CC82A11004929BC /* SceneDelegate.swift in Sources */ = {isa = PBXBuildFile; fileRef = 57C5BCD42CC82A11004929BC /* SceneDelegate.swift */; };
		57C5BCDD2CC82A11004929BC /* MercadoLivreChallenge.xcdatamodeld in Sources */ = {isa = PBXBuildFile; fileRef = 57C5BCDB2CC82A11004929BC /* MercadoLivreChallenge.xcdatamodeld */; };
		57C5BCDF2CC82A14004929BC /* Assets.xcassets in Resources */ = {isa = PBXBuildFile; fileRef = 57C5BCDE2CC82A14004929BC /* Assets.xcassets */; };
		57C5BCE22CC82A14004929BC /* LaunchScreen.storyboard in Resources */ = {isa = PBXBuildFile; fileRef = 57C5BCE02CC82A14004929BC /* LaunchScreen.storyboard */; };
		57C5BCED2CC82A14004929BC /* MercadoLivreChallengeTests.swift in Sources */ = {isa = PBXBuildFile; fileRef = 57C5BCEC2CC82A14004929BC /* MercadoLivreChallengeTests.swift */; };
		57C5BCF72CC82A14004929BC /* MercadoLivreChallengeUITests.swift in Sources */ = {isa = PBXBuildFile; fileRef = 57C5BCF62CC82A14004929BC /* MercadoLivreChallengeUITests.swift */; };
		57C5BCF92CC82A14004929BC /* MercadoLivreChallengeUITestsLaunchTests.swift in Sources */ = {isa = PBXBuildFile; fileRef = 57C5BCF82CC82A14004929BC /* MercadoLivreChallengeUITestsLaunchTests.swift */; };
		57C5BD0C2CC82D48004929BC /* NetworkingManager.swift in Sources */ = {isa = PBXBuildFile; fileRef = 57C5BD0B2CC82D48004929BC /* NetworkingManager.swift */; };
		57C5BD0E2CC82E0D004929BC /* Product.swift in Sources */ = {isa = PBXBuildFile; fileRef = 57C5BD0D2CC82E0D004929BC /* Product.swift */; };
		57C5BD102CC8320B004929BC /* ProductView.swift in Sources */ = {isa = PBXBuildFile; fileRef = 57C5BD0F2CC8320B004929BC /* ProductView.swift */; };
		57C5BD132CC83239004929BC /* ProductViewController.swift in Sources */ = {isa = PBXBuildFile; fileRef = 57C5BD122CC83239004929BC /* ProductViewController.swift */; };
		57C5BD152CC83469004929BC /* HomeViewController.swift in Sources */ = {isa = PBXBuildFile; fileRef = 57C5BD142CC83469004929BC /* HomeViewController.swift */; };
		57C5BD192CC83626004929BC /* ProductViewModel.swift in Sources */ = {isa = PBXBuildFile; fileRef = 57C5BD182CC83626004929BC /* ProductViewModel.swift */; };
		57CB99662CC83B8000F27D25 /* Category.swift in Sources */ = {isa = PBXBuildFile; fileRef = 57CB99652CC83B8000F27D25 /* Category.swift */; };
		57CB99682CC83CFE00F27D25 /* HomeView.swift in Sources */ = {isa = PBXBuildFile; fileRef = 57CB99672CC83CFE00F27D25 /* HomeView.swift */; };
		57CB996A2CC83D0F00F27D25 /* ListProductsView.swift in Sources */ = {isa = PBXBuildFile; fileRef = 57CB99692CC83D0F00F27D25 /* ListProductsView.swift */; };
		57CB996C2CC83D3600F27D25 /* ListProductsViewController.swift in Sources */ = {isa = PBXBuildFile; fileRef = 57CB996B2CC83D3600F27D25 /* ListProductsViewController.swift */; };
		57CB996E2CC83E7500F27D25 /* TabBarController.swift in Sources */ = {isa = PBXBuildFile; fileRef = 57CB996D2CC83E7500F27D25 /* TabBarController.swift */; };
		57CB99702CC8404200F27D25 /* FavoritesViewController.swift in Sources */ = {isa = PBXBuildFile; fileRef = 57CB996F2CC8404200F27D25 /* FavoritesViewController.swift */; };
		57CB99722CC8407700F27D25 /* SettingsViewController.swift in Sources */ = {isa = PBXBuildFile; fileRef = 57CB99712CC8407700F27D25 /* SettingsViewController.swift */; };
		57CB99752CC851E900F27D25 /* ProductCarouselCollectionViewCell.swift in Sources */ = {isa = PBXBuildFile; fileRef = 57CB99742CC851E900F27D25 /* ProductCarouselCollectionViewCell.swift */; };
		57CB99772CC8540D00F27D25 /* ProductCarouselViewModel.swift in Sources */ = {isa = PBXBuildFile; fileRef = 57CB99762CC8540D00F27D25 /* ProductCarouselViewModel.swift */; };
		57CB99792CC8599C00F27D25 /* CarouselView.swift in Sources */ = {isa = PBXBuildFile; fileRef = 57CB99782CC8599C00F27D25 /* CarouselView.swift */; };
		57CB997C2CC85C1200F27D25 /* CarouselViewModel.swift in Sources */ = {isa = PBXBuildFile; fileRef = 57CB997B2CC85C1200F27D25 /* CarouselViewModel.swift */; };
		D63E1B646A141FF1FE241D94 /* Pods_MercadoLivreChallenge_MercadoLivreChallengeUITests.framework in Frameworks */ = {isa = PBXBuildFile; fileRef = 4B99AD4EBAB53790F6C75272 /* Pods_MercadoLivreChallenge_MercadoLivreChallengeUITests.framework */; };
		EC3E064F3D3DD02FB67B7518 /* Pods_MercadoLivreChallengeTests.framework in Frameworks */ = {isa = PBXBuildFile; fileRef = 6F41F4876A78791864E96AD5 /* Pods_MercadoLivreChallengeTests.framework */; };
		F3CAEC0D9BF36D81E42BDE52 /* Pods_MercadoLivreChallenge.framework in Frameworks */ = {isa = PBXBuildFile; fileRef = FE9DE952221FA40D74345ADA /* Pods_MercadoLivreChallenge.framework */; };
/* End PBXBuildFile section */

/* Begin PBXContainerItemProxy section */
		57C5BCE92CC82A14004929BC /* PBXContainerItemProxy */ = {
			isa = PBXContainerItemProxy;
			containerPortal = 57C5BCC72CC82A11004929BC /* Project object */;
			proxyType = 1;
			remoteGlobalIDString = 57C5BCCE2CC82A11004929BC;
			remoteInfo = MercadoLivreChallenge;
		};
		57C5BCF32CC82A14004929BC /* PBXContainerItemProxy */ = {
			isa = PBXContainerItemProxy;
			containerPortal = 57C5BCC72CC82A11004929BC /* Project object */;
			proxyType = 1;
			remoteGlobalIDString = 57C5BCCE2CC82A11004929BC;
			remoteInfo = MercadoLivreChallenge;
		};
/* End PBXContainerItemProxy section */

/* Begin PBXFileReference section */
		1C25B3C510C4AA18D6C09859 /* Pods-MercadoLivreChallenge-MercadoLivreChallengeUITests.debug.xcconfig */ = {isa = PBXFileReference; includeInIndex = 1; lastKnownFileType = text.xcconfig; name = "Pods-MercadoLivreChallenge-MercadoLivreChallengeUITests.debug.xcconfig"; path = "Target Support Files/Pods-MercadoLivreChallenge-MercadoLivreChallengeUITests/Pods-MercadoLivreChallenge-MercadoLivreChallengeUITests.debug.xcconfig"; sourceTree = "<group>"; };
		4B99AD4EBAB53790F6C75272 /* Pods_MercadoLivreChallenge_MercadoLivreChallengeUITests.framework */ = {isa = PBXFileReference; explicitFileType = wrapper.framework; includeInIndex = 0; path = Pods_MercadoLivreChallenge_MercadoLivreChallengeUITests.framework; sourceTree = BUILT_PRODUCTS_DIR; };
		55957C42FE6C7560F3CA0631 /* Pods-MercadoLivreChallengeTests.release.xcconfig */ = {isa = PBXFileReference; includeInIndex = 1; lastKnownFileType = text.xcconfig; name = "Pods-MercadoLivreChallengeTests.release.xcconfig"; path = "Target Support Files/Pods-MercadoLivreChallengeTests/Pods-MercadoLivreChallengeTests.release.xcconfig"; sourceTree = "<group>"; };
		57C5BCCF2CC82A11004929BC /* MercadoLivreChallenge.app */ = {isa = PBXFileReference; explicitFileType = wrapper.application; includeInIndex = 0; path = MercadoLivreChallenge.app; sourceTree = BUILT_PRODUCTS_DIR; };
		57C5BCD22CC82A11004929BC /* AppDelegate.swift */ = {isa = PBXFileReference; lastKnownFileType = sourcecode.swift; path = AppDelegate.swift; sourceTree = "<group>"; };
		57C5BCD42CC82A11004929BC /* SceneDelegate.swift */ = {isa = PBXFileReference; lastKnownFileType = sourcecode.swift; path = SceneDelegate.swift; sourceTree = "<group>"; };
		57C5BCDC2CC82A11004929BC /* MercadoLivreChallenge.xcdatamodel */ = {isa = PBXFileReference; lastKnownFileType = wrapper.xcdatamodel; path = MercadoLivreChallenge.xcdatamodel; sourceTree = "<group>"; };
		57C5BCDE2CC82A14004929BC /* Assets.xcassets */ = {isa = PBXFileReference; lastKnownFileType = folder.assetcatalog; path = Assets.xcassets; sourceTree = "<group>"; };
		57C5BCE12CC82A14004929BC /* Base */ = {isa = PBXFileReference; lastKnownFileType = file.storyboard; name = Base; path = Base.lproj/LaunchScreen.storyboard; sourceTree = "<group>"; };
		57C5BCE32CC82A14004929BC /* Info.plist */ = {isa = PBXFileReference; lastKnownFileType = text.plist.xml; path = Info.plist; sourceTree = "<group>"; };
		57C5BCE82CC82A14004929BC /* MercadoLivreChallengeTests.xctest */ = {isa = PBXFileReference; explicitFileType = wrapper.cfbundle; includeInIndex = 0; path = MercadoLivreChallengeTests.xctest; sourceTree = BUILT_PRODUCTS_DIR; };
		57C5BCEC2CC82A14004929BC /* MercadoLivreChallengeTests.swift */ = {isa = PBXFileReference; lastKnownFileType = sourcecode.swift; path = MercadoLivreChallengeTests.swift; sourceTree = "<group>"; };
		57C5BCF22CC82A14004929BC /* MercadoLivreChallengeUITests.xctest */ = {isa = PBXFileReference; explicitFileType = wrapper.cfbundle; includeInIndex = 0; path = MercadoLivreChallengeUITests.xctest; sourceTree = BUILT_PRODUCTS_DIR; };
		57C5BCF62CC82A14004929BC /* MercadoLivreChallengeUITests.swift */ = {isa = PBXFileReference; lastKnownFileType = sourcecode.swift; path = MercadoLivreChallengeUITests.swift; sourceTree = "<group>"; };
		57C5BCF82CC82A14004929BC /* MercadoLivreChallengeUITestsLaunchTests.swift */ = {isa = PBXFileReference; lastKnownFileType = sourcecode.swift; path = MercadoLivreChallengeUITestsLaunchTests.swift; sourceTree = "<group>"; };
		57C5BD0B2CC82D48004929BC /* NetworkingManager.swift */ = {isa = PBXFileReference; lastKnownFileType = sourcecode.swift; path = NetworkingManager.swift; sourceTree = "<group>"; };
		57C5BD0D2CC82E0D004929BC /* Product.swift */ = {isa = PBXFileReference; lastKnownFileType = sourcecode.swift; path = Product.swift; sourceTree = "<group>"; };
		57C5BD0F2CC8320B004929BC /* ProductView.swift */ = {isa = PBXFileReference; lastKnownFileType = sourcecode.swift; path = ProductView.swift; sourceTree = "<group>"; };
		57C5BD122CC83239004929BC /* ProductViewController.swift */ = {isa = PBXFileReference; lastKnownFileType = sourcecode.swift; path = ProductViewController.swift; sourceTree = "<group>"; };
		57C5BD142CC83469004929BC /* HomeViewController.swift */ = {isa = PBXFileReference; lastKnownFileType = sourcecode.swift; path = HomeViewController.swift; sourceTree = "<group>"; };
		57C5BD182CC83626004929BC /* ProductViewModel.swift */ = {isa = PBXFileReference; lastKnownFileType = sourcecode.swift; path = ProductViewModel.swift; sourceTree = "<group>"; };
		57CB99652CC83B8000F27D25 /* Category.swift */ = {isa = PBXFileReference; lastKnownFileType = sourcecode.swift; path = Category.swift; sourceTree = "<group>"; };
		57CB99672CC83CFE00F27D25 /* HomeView.swift */ = {isa = PBXFileReference; lastKnownFileType = sourcecode.swift; path = HomeView.swift; sourceTree = "<group>"; };
		57CB99692CC83D0F00F27D25 /* ListProductsView.swift */ = {isa = PBXFileReference; lastKnownFileType = sourcecode.swift; path = ListProductsView.swift; sourceTree = "<group>"; };
		57CB996B2CC83D3600F27D25 /* ListProductsViewController.swift */ = {isa = PBXFileReference; lastKnownFileType = sourcecode.swift; path = ListProductsViewController.swift; sourceTree = "<group>"; };
		57CB996D2CC83E7500F27D25 /* TabBarController.swift */ = {isa = PBXFileReference; lastKnownFileType = sourcecode.swift; path = TabBarController.swift; sourceTree = "<group>"; };
		57CB996F2CC8404200F27D25 /* FavoritesViewController.swift */ = {isa = PBXFileReference; lastKnownFileType = sourcecode.swift; path = FavoritesViewController.swift; sourceTree = "<group>"; };
		57CB99712CC8407700F27D25 /* SettingsViewController.swift */ = {isa = PBXFileReference; lastKnownFileType = sourcecode.swift; path = SettingsViewController.swift; sourceTree = "<group>"; };
		57CB99742CC851E900F27D25 /* ProductCarouselCollectionViewCell.swift */ = {isa = PBXFileReference; lastKnownFileType = sourcecode.swift; path = ProductCarouselCollectionViewCell.swift; sourceTree = "<group>"; };
		57CB99762CC8540D00F27D25 /* ProductCarouselViewModel.swift */ = {isa = PBXFileReference; lastKnownFileType = sourcecode.swift; path = ProductCarouselViewModel.swift; sourceTree = "<group>"; };
		57CB99782CC8599C00F27D25 /* CarouselView.swift */ = {isa = PBXFileReference; lastKnownFileType = sourcecode.swift; path = CarouselView.swift; sourceTree = "<group>"; };
		57CB997B2CC85C1200F27D25 /* CarouselViewModel.swift */ = {isa = PBXFileReference; lastKnownFileType = sourcecode.swift; path = CarouselViewModel.swift; sourceTree = "<group>"; };
		6B7F1CEBE62A646E599ED3C8 /* Pods-MercadoLivreChallenge.release.xcconfig */ = {isa = PBXFileReference; includeInIndex = 1; lastKnownFileType = text.xcconfig; name = "Pods-MercadoLivreChallenge.release.xcconfig"; path = "Target Support Files/Pods-MercadoLivreChallenge/Pods-MercadoLivreChallenge.release.xcconfig"; sourceTree = "<group>"; };
		6F41F4876A78791864E96AD5 /* Pods_MercadoLivreChallengeTests.framework */ = {isa = PBXFileReference; explicitFileType = wrapper.framework; includeInIndex = 0; path = Pods_MercadoLivreChallengeTests.framework; sourceTree = BUILT_PRODUCTS_DIR; };
		856333A055AC1AF2A21F078A /* Pods-MercadoLivreChallenge.debug.xcconfig */ = {isa = PBXFileReference; includeInIndex = 1; lastKnownFileType = text.xcconfig; name = "Pods-MercadoLivreChallenge.debug.xcconfig"; path = "Target Support Files/Pods-MercadoLivreChallenge/Pods-MercadoLivreChallenge.debug.xcconfig"; sourceTree = "<group>"; };
		C4E6D983D07CC72E6EDB55E5 /* Pods-MercadoLivreChallenge-MercadoLivreChallengeUITests.release.xcconfig */ = {isa = PBXFileReference; includeInIndex = 1; lastKnownFileType = text.xcconfig; name = "Pods-MercadoLivreChallenge-MercadoLivreChallengeUITests.release.xcconfig"; path = "Target Support Files/Pods-MercadoLivreChallenge-MercadoLivreChallengeUITests/Pods-MercadoLivreChallenge-MercadoLivreChallengeUITests.release.xcconfig"; sourceTree = "<group>"; };
		FAA97BF36D631444C03A921C /* Pods-MercadoLivreChallengeTests.debug.xcconfig */ = {isa = PBXFileReference; includeInIndex = 1; lastKnownFileType = text.xcconfig; name = "Pods-MercadoLivreChallengeTests.debug.xcconfig"; path = "Target Support Files/Pods-MercadoLivreChallengeTests/Pods-MercadoLivreChallengeTests.debug.xcconfig"; sourceTree = "<group>"; };
		FE9DE952221FA40D74345ADA /* Pods_MercadoLivreChallenge.framework */ = {isa = PBXFileReference; explicitFileType = wrapper.framework; includeInIndex = 0; path = Pods_MercadoLivreChallenge.framework; sourceTree = BUILT_PRODUCTS_DIR; };
/* End PBXFileReference section */

/* Begin PBXFrameworksBuildPhase section */
		57C5BCCC2CC82A11004929BC /* Frameworks */ = {
			isa = PBXFrameworksBuildPhase;
			buildActionMask = 2147483647;
			files = (
				F3CAEC0D9BF36D81E42BDE52 /* Pods_MercadoLivreChallenge.framework in Frameworks */,
			);
			runOnlyForDeploymentPostprocessing = 0;
		};
		57C5BCE52CC82A14004929BC /* Frameworks */ = {
			isa = PBXFrameworksBuildPhase;
			buildActionMask = 2147483647;
			files = (
				EC3E064F3D3DD02FB67B7518 /* Pods_MercadoLivreChallengeTests.framework in Frameworks */,
			);
			runOnlyForDeploymentPostprocessing = 0;
		};
		57C5BCEF2CC82A14004929BC /* Frameworks */ = {
			isa = PBXFrameworksBuildPhase;
			buildActionMask = 2147483647;
			files = (
				D63E1B646A141FF1FE241D94 /* Pods_MercadoLivreChallenge_MercadoLivreChallengeUITests.framework in Frameworks */,
			);
			runOnlyForDeploymentPostprocessing = 0;
		};
/* End PBXFrameworksBuildPhase section */

/* Begin PBXGroup section */
		04BC324651DD93A391A6B42E /* Pods */ = {
			isa = PBXGroup;
			children = (
				856333A055AC1AF2A21F078A /* Pods-MercadoLivreChallenge.debug.xcconfig */,
				6B7F1CEBE62A646E599ED3C8 /* Pods-MercadoLivreChallenge.release.xcconfig */,
				1C25B3C510C4AA18D6C09859 /* Pods-MercadoLivreChallenge-MercadoLivreChallengeUITests.debug.xcconfig */,
				C4E6D983D07CC72E6EDB55E5 /* Pods-MercadoLivreChallenge-MercadoLivreChallengeUITests.release.xcconfig */,
				FAA97BF36D631444C03A921C /* Pods-MercadoLivreChallengeTests.debug.xcconfig */,
				55957C42FE6C7560F3CA0631 /* Pods-MercadoLivreChallengeTests.release.xcconfig */,
			);
			name = Pods;
			path = Pods;
			sourceTree = "<group>";
		};
		57C5BCC62CC82A11004929BC = {
			isa = PBXGroup;
			children = (
				57C5BCD12CC82A11004929BC /* MercadoLivreChallenge */,
				57C5BCEB2CC82A14004929BC /* MercadoLivreChallengeTests */,
				57C5BCF52CC82A14004929BC /* MercadoLivreChallengeUITests */,
				57C5BCD02CC82A11004929BC /* Products */,
				04BC324651DD93A391A6B42E /* Pods */,
				58C22441369B2D836F0C5B85 /* Frameworks */,
			);
			sourceTree = "<group>";
		};
		57C5BCD02CC82A11004929BC /* Products */ = {
			isa = PBXGroup;
			children = (
				57C5BCCF2CC82A11004929BC /* MercadoLivreChallenge.app */,
				57C5BCE82CC82A14004929BC /* MercadoLivreChallengeTests.xctest */,
				57C5BCF22CC82A14004929BC /* MercadoLivreChallengeUITests.xctest */,
			);
			name = Products;
			sourceTree = "<group>";
		};
		57C5BCD12CC82A11004929BC /* MercadoLivreChallenge */ = {
			isa = PBXGroup;
			children = (
				57C5BD112CC83225004929BC /* ViewControllers */,
				57C5BD0A2CC82D28004929BC /* Networking */,
				57C5BD092CC82D1A004929BC /* Extensions */,
				57C5BD082CC82D15004929BC /* Utils */,
				57C5BD072CC82A6E004929BC /* ViewModel */,
				57C5BD062CC82A68004929BC /* View */,
				57C5BD052CC82A61004929BC /* Model */,
				57C5BCD22CC82A11004929BC /* AppDelegate.swift */,
				57C5BCD42CC82A11004929BC /* SceneDelegate.swift */,
				57C5BCDE2CC82A14004929BC /* Assets.xcassets */,
				57C5BCE02CC82A14004929BC /* LaunchScreen.storyboard */,
				57C5BCE32CC82A14004929BC /* Info.plist */,
				57C5BCDB2CC82A11004929BC /* MercadoLivreChallenge.xcdatamodeld */,
			);
			path = MercadoLivreChallenge;
			sourceTree = "<group>";
		};
		57C5BCEB2CC82A14004929BC /* MercadoLivreChallengeTests */ = {
			isa = PBXGroup;
			children = (
				57C5BCEC2CC82A14004929BC /* MercadoLivreChallengeTests.swift */,
			);
			path = MercadoLivreChallengeTests;
			sourceTree = "<group>";
		};
		57C5BCF52CC82A14004929BC /* MercadoLivreChallengeUITests */ = {
			isa = PBXGroup;
			children = (
				57C5BCF62CC82A14004929BC /* MercadoLivreChallengeUITests.swift */,
				57C5BCF82CC82A14004929BC /* MercadoLivreChallengeUITestsLaunchTests.swift */,
			);
			path = MercadoLivreChallengeUITests;
			sourceTree = "<group>";
		};
		57C5BD052CC82A61004929BC /* Model */ = {
			isa = PBXGroup;
			children = (
				57C5BD0D2CC82E0D004929BC /* Product.swift */,
				57CB99652CC83B8000F27D25 /* Category.swift */,
			);
			path = Model;
			sourceTree = "<group>";
		};
		57C5BD062CC82A68004929BC /* View */ = {
			isa = PBXGroup;
			children = (
				57C5BD0F2CC8320B004929BC /* ProductView.swift */,
				57CB99672CC83CFE00F27D25 /* HomeView.swift */,
				57CB99692CC83D0F00F27D25 /* ListProductsView.swift */,
				57CB99742CC851E900F27D25 /* ProductCarouselCollectionViewCell.swift */,
				57CB99782CC8599C00F27D25 /* CarouselView.swift */,
			);
			path = View;
			sourceTree = "<group>";
		};
		57C5BD072CC82A6E004929BC /* ViewModel */ = {
			isa = PBXGroup;
			children = (
				57C5BD182CC83626004929BC /* ProductViewModel.swift */,
				57CB99762CC8540D00F27D25 /* ProductCarouselViewModel.swift */,
				57CB997B2CC85C1200F27D25 /* CarouselViewModel.swift */,
			);
			path = ViewModel;
			sourceTree = "<group>";
		};
		57C5BD082CC82D15004929BC /* Utils */ = {
			isa = PBXGroup;
			children = (
			);
			path = Utils;
			sourceTree = "<group>";
		};
		57C5BD092CC82D1A004929BC /* Extensions */ = {
			isa = PBXGroup;
			children = (
			);
			path = Extensions;
			sourceTree = "<group>";
		};
		57C5BD0A2CC82D28004929BC /* Networking */ = {
			isa = PBXGroup;
			children = (
				57C5BD0B2CC82D48004929BC /* NetworkingManager.swift */,
			);
			path = Networking;
			sourceTree = "<group>";
		};
		57C5BD112CC83225004929BC /* ViewControllers */ = {
			isa = PBXGroup;
			children = (
				57C5BD122CC83239004929BC /* ProductViewController.swift */,
				57C5BD142CC83469004929BC /* HomeViewController.swift */,
				57CB996B2CC83D3600F27D25 /* ListProductsViewController.swift */,
				57CB996D2CC83E7500F27D25 /* TabBarController.swift */,
				57CB996F2CC8404200F27D25 /* FavoritesViewController.swift */,
				57CB99712CC8407700F27D25 /* SettingsViewController.swift */,
			);
			path = ViewControllers;
			sourceTree = "<group>";
		};
		58C22441369B2D836F0C5B85 /* Frameworks */ = {
			isa = PBXGroup;
			children = (
				FE9DE952221FA40D74345ADA /* Pods_MercadoLivreChallenge.framework */,
				4B99AD4EBAB53790F6C75272 /* Pods_MercadoLivreChallenge_MercadoLivreChallengeUITests.framework */,
				6F41F4876A78791864E96AD5 /* Pods_MercadoLivreChallengeTests.framework */,
			);
			name = Frameworks;
			sourceTree = "<group>";
		};
/* End PBXGroup section */

/* Begin PBXNativeTarget section */
		57C5BCCE2CC82A11004929BC /* MercadoLivreChallenge */ = {
			isa = PBXNativeTarget;
			buildConfigurationList = 57C5BCFC2CC82A14004929BC /* Build configuration list for PBXNativeTarget "MercadoLivreChallenge" */;
			buildPhases = (
				FAF67EC06E7CD4F02CD793AB /* [CP] Check Pods Manifest.lock */,
				57C5BCCB2CC82A11004929BC /* Sources */,
				57C5BCCC2CC82A11004929BC /* Frameworks */,
				57C5BCCD2CC82A11004929BC /* Resources */,
			);
			buildRules = (
			);
			dependencies = (
			);
			name = MercadoLivreChallenge;
			productName = MercadoLivreChallenge;
			productReference = 57C5BCCF2CC82A11004929BC /* MercadoLivreChallenge.app */;
			productType = "com.apple.product-type.application";
		};
		57C5BCE72CC82A14004929BC /* MercadoLivreChallengeTests */ = {
			isa = PBXNativeTarget;
			buildConfigurationList = 57C5BCFF2CC82A14004929BC /* Build configuration list for PBXNativeTarget "MercadoLivreChallengeTests" */;
			buildPhases = (
				53A73340CF4CEC0617F62519 /* [CP] Check Pods Manifest.lock */,
				57C5BCE42CC82A14004929BC /* Sources */,
				57C5BCE52CC82A14004929BC /* Frameworks */,
				57C5BCE62CC82A14004929BC /* Resources */,
			);
			buildRules = (
			);
			dependencies = (
				57C5BCEA2CC82A14004929BC /* PBXTargetDependency */,
			);
			name = MercadoLivreChallengeTests;
			productName = MercadoLivreChallengeTests;
			productReference = 57C5BCE82CC82A14004929BC /* MercadoLivreChallengeTests.xctest */;
			productType = "com.apple.product-type.bundle.unit-test";
		};
		57C5BCF12CC82A14004929BC /* MercadoLivreChallengeUITests */ = {
			isa = PBXNativeTarget;
			buildConfigurationList = 57C5BD022CC82A14004929BC /* Build configuration list for PBXNativeTarget "MercadoLivreChallengeUITests" */;
			buildPhases = (
				0C717273980FE40CCE2D2257 /* [CP] Check Pods Manifest.lock */,
				57C5BCEE2CC82A14004929BC /* Sources */,
				57C5BCEF2CC82A14004929BC /* Frameworks */,
				57C5BCF02CC82A14004929BC /* Resources */,
			);
			buildRules = (
			);
			dependencies = (
				57C5BCF42CC82A14004929BC /* PBXTargetDependency */,
			);
			name = MercadoLivreChallengeUITests;
			productName = MercadoLivreChallengeUITests;
			productReference = 57C5BCF22CC82A14004929BC /* MercadoLivreChallengeUITests.xctest */;
			productType = "com.apple.product-type.bundle.ui-testing";
		};
/* End PBXNativeTarget section */

/* Begin PBXProject section */
		57C5BCC72CC82A11004929BC /* Project object */ = {
			isa = PBXProject;
			attributes = {
				BuildIndependentTargetsInParallel = 1;
				LastSwiftUpdateCheck = 1430;
				LastUpgradeCheck = 1430;
				TargetAttributes = {
					57C5BCCE2CC82A11004929BC = {
						CreatedOnToolsVersion = 14.3.1;
					};
					57C5BCE72CC82A14004929BC = {
						CreatedOnToolsVersion = 14.3.1;
						TestTargetID = 57C5BCCE2CC82A11004929BC;
					};
					57C5BCF12CC82A14004929BC = {
						CreatedOnToolsVersion = 14.3.1;
						TestTargetID = 57C5BCCE2CC82A11004929BC;
					};
				};
			};
			buildConfigurationList = 57C5BCCA2CC82A11004929BC /* Build configuration list for PBXProject "MercadoLivreChallenge" */;
			compatibilityVersion = "Xcode 14.0";
			developmentRegion = en;
			hasScannedForEncodings = 0;
			knownRegions = (
				en,
				Base,
			);
			mainGroup = 57C5BCC62CC82A11004929BC;
			productRefGroup = 57C5BCD02CC82A11004929BC /* Products */;
			projectDirPath = "";
			projectRoot = "";
			targets = (
				57C5BCCE2CC82A11004929BC /* MercadoLivreChallenge */,
				57C5BCE72CC82A14004929BC /* MercadoLivreChallengeTests */,
				57C5BCF12CC82A14004929BC /* MercadoLivreChallengeUITests */,
			);
		};
/* End PBXProject section */

/* Begin PBXResourcesBuildPhase section */
		57C5BCCD2CC82A11004929BC /* Resources */ = {
			isa = PBXResourcesBuildPhase;
			buildActionMask = 2147483647;
			files = (
				57C5BCE22CC82A14004929BC /* LaunchScreen.storyboard in Resources */,
				57C5BCDF2CC82A14004929BC /* Assets.xcassets in Resources */,
			);
			runOnlyForDeploymentPostprocessing = 0;
		};
		57C5BCE62CC82A14004929BC /* Resources */ = {
			isa = PBXResourcesBuildPhase;
			buildActionMask = 2147483647;
			files = (
			);
			runOnlyForDeploymentPostprocessing = 0;
		};
		57C5BCF02CC82A14004929BC /* Resources */ = {
			isa = PBXResourcesBuildPhase;
			buildActionMask = 2147483647;
			files = (
			);
			runOnlyForDeploymentPostprocessing = 0;
		};
/* End PBXResourcesBuildPhase section */

/* Begin PBXShellScriptBuildPhase section */
		0C717273980FE40CCE2D2257 /* [CP] Check Pods Manifest.lock */ = {
			isa = PBXShellScriptBuildPhase;
			buildActionMask = 2147483647;
			files = (
			);
			inputFileListPaths = (
			);
			inputPaths = (
				"${PODS_PODFILE_DIR_PATH}/Podfile.lock",
				"${PODS_ROOT}/Manifest.lock",
			);
			name = "[CP] Check Pods Manifest.lock";
			outputFileListPaths = (
			);
			outputPaths = (
				"$(DERIVED_FILE_DIR)/Pods-MercadoLivreChallenge-MercadoLivreChallengeUITests-checkManifestLockResult.txt",
			);
			runOnlyForDeploymentPostprocessing = 0;
			shellPath = /bin/sh;
			shellScript = "diff \"${PODS_PODFILE_DIR_PATH}/Podfile.lock\" \"${PODS_ROOT}/Manifest.lock\" > /dev/null\nif [ $? != 0 ] ; then\n    # print error to STDERR\n    echo \"error: The sandbox is not in sync with the Podfile.lock. Run 'pod install' or update your CocoaPods installation.\" >&2\n    exit 1\nfi\n# This output is used by Xcode 'outputs' to avoid re-running this script phase.\necho \"SUCCESS\" > \"${SCRIPT_OUTPUT_FILE_0}\"\n";
			showEnvVarsInLog = 0;
		};
		53A73340CF4CEC0617F62519 /* [CP] Check Pods Manifest.lock */ = {
			isa = PBXShellScriptBuildPhase;
			buildActionMask = 2147483647;
			files = (
			);
			inputFileListPaths = (
			);
			inputPaths = (
				"${PODS_PODFILE_DIR_PATH}/Podfile.lock",
				"${PODS_ROOT}/Manifest.lock",
			);
			name = "[CP] Check Pods Manifest.lock";
			outputFileListPaths = (
			);
			outputPaths = (
				"$(DERIVED_FILE_DIR)/Pods-MercadoLivreChallengeTests-checkManifestLockResult.txt",
			);
			runOnlyForDeploymentPostprocessing = 0;
			shellPath = /bin/sh;
			shellScript = "diff \"${PODS_PODFILE_DIR_PATH}/Podfile.lock\" \"${PODS_ROOT}/Manifest.lock\" > /dev/null\nif [ $? != 0 ] ; then\n    # print error to STDERR\n    echo \"error: The sandbox is not in sync with the Podfile.lock. Run 'pod install' or update your CocoaPods installation.\" >&2\n    exit 1\nfi\n# This output is used by Xcode 'outputs' to avoid re-running this script phase.\necho \"SUCCESS\" > \"${SCRIPT_OUTPUT_FILE_0}\"\n";
			showEnvVarsInLog = 0;
		};
		FAF67EC06E7CD4F02CD793AB /* [CP] Check Pods Manifest.lock */ = {
			isa = PBXShellScriptBuildPhase;
			buildActionMask = 2147483647;
			files = (
			);
			inputFileListPaths = (
			);
			inputPaths = (
				"${PODS_PODFILE_DIR_PATH}/Podfile.lock",
				"${PODS_ROOT}/Manifest.lock",
			);
			name = "[CP] Check Pods Manifest.lock";
			outputFileListPaths = (
			);
			outputPaths = (
				"$(DERIVED_FILE_DIR)/Pods-MercadoLivreChallenge-checkManifestLockResult.txt",
			);
			runOnlyForDeploymentPostprocessing = 0;
			shellPath = /bin/sh;
			shellScript = "diff \"${PODS_PODFILE_DIR_PATH}/Podfile.lock\" \"${PODS_ROOT}/Manifest.lock\" > /dev/null\nif [ $? != 0 ] ; then\n    # print error to STDERR\n    echo \"error: The sandbox is not in sync with the Podfile.lock. Run 'pod install' or update your CocoaPods installation.\" >&2\n    exit 1\nfi\n# This output is used by Xcode 'outputs' to avoid re-running this script phase.\necho \"SUCCESS\" > \"${SCRIPT_OUTPUT_FILE_0}\"\n";
			showEnvVarsInLog = 0;
		};
/* End PBXShellScriptBuildPhase section */

/* Begin PBXSourcesBuildPhase section */
		57C5BCCB2CC82A11004929BC /* Sources */ = {
			isa = PBXSourcesBuildPhase;
			buildActionMask = 2147483647;
			files = (
				57C5BCD32CC82A11004929BC /* AppDelegate.swift in Sources */,
				57CB996C2CC83D3600F27D25 /* ListProductsViewController.swift in Sources */,
				57CB99662CC83B8000F27D25 /* Category.swift in Sources */,
				57C5BCDD2CC82A11004929BC /* MercadoLivreChallenge.xcdatamodeld in Sources */,
				57C5BD0C2CC82D48004929BC /* NetworkingManager.swift in Sources */,
				57CB996A2CC83D0F00F27D25 /* ListProductsView.swift in Sources */,
				57CB99772CC8540D00F27D25 /* ProductCarouselViewModel.swift in Sources */,
				57C5BD152CC83469004929BC /* HomeViewController.swift in Sources */,
				57CB997C2CC85C1200F27D25 /* CarouselViewModel.swift in Sources */,
				57CB99722CC8407700F27D25 /* SettingsViewController.swift in Sources */,
				57CB99682CC83CFE00F27D25 /* HomeView.swift in Sources */,
				57C5BD102CC8320B004929BC /* ProductView.swift in Sources */,
				57C5BD192CC83626004929BC /* ProductViewModel.swift in Sources */,
				57C5BCD52CC82A11004929BC /* SceneDelegate.swift in Sources */,
				57CB99792CC8599C00F27D25 /* CarouselView.swift in Sources */,
				57CB99752CC851E900F27D25 /* ProductCarouselCollectionViewCell.swift in Sources */,
				57CB996E2CC83E7500F27D25 /* TabBarController.swift in Sources */,
				57C5BD132CC83239004929BC /* ProductViewController.swift in Sources */,
				57CB99702CC8404200F27D25 /* FavoritesViewController.swift in Sources */,
				57C5BD0E2CC82E0D004929BC /* Product.swift in Sources */,
			);
			runOnlyForDeploymentPostprocessing = 0;
		};
		57C5BCE42CC82A14004929BC /* Sources */ = {
			isa = PBXSourcesBuildPhase;
			buildActionMask = 2147483647;
			files = (
				57C5BCED2CC82A14004929BC /* MercadoLivreChallengeTests.swift in Sources */,
			);
			runOnlyForDeploymentPostprocessing = 0;
		};
		57C5BCEE2CC82A14004929BC /* Sources */ = {
			isa = PBXSourcesBuildPhase;
			buildActionMask = 2147483647;
			files = (
				57C5BCF72CC82A14004929BC /* MercadoLivreChallengeUITests.swift in Sources */,
				57C5BCF92CC82A14004929BC /* MercadoLivreChallengeUITestsLaunchTests.swift in Sources */,
			);
			runOnlyForDeploymentPostprocessing = 0;
		};
/* End PBXSourcesBuildPhase section */

/* Begin PBXTargetDependency section */
		57C5BCEA2CC82A14004929BC /* PBXTargetDependency */ = {
			isa = PBXTargetDependency;
			target = 57C5BCCE2CC82A11004929BC /* MercadoLivreChallenge */;
			targetProxy = 57C5BCE92CC82A14004929BC /* PBXContainerItemProxy */;
		};
		57C5BCF42CC82A14004929BC /* PBXTargetDependency */ = {
			isa = PBXTargetDependency;
			target = 57C5BCCE2CC82A11004929BC /* MercadoLivreChallenge */;
			targetProxy = 57C5BCF32CC82A14004929BC /* PBXContainerItemProxy */;
		};
/* End PBXTargetDependency section */

/* Begin PBXVariantGroup section */
		57C5BCE02CC82A14004929BC /* LaunchScreen.storyboard */ = {
			isa = PBXVariantGroup;
			children = (
				57C5BCE12CC82A14004929BC /* Base */,
			);
			name = LaunchScreen.storyboard;
			sourceTree = "<group>";
		};
/* End PBXVariantGroup section */

/* Begin XCBuildConfiguration section */
		57C5BCFA2CC82A14004929BC /* Debug */ = {
			isa = XCBuildConfiguration;
			buildSettings = {
				ALWAYS_SEARCH_USER_PATHS = NO;
				CLANG_ANALYZER_NONNULL = YES;
				CLANG_ANALYZER_NUMBER_OBJECT_CONVERSION = YES_AGGRESSIVE;
				CLANG_CXX_LANGUAGE_STANDARD = "gnu++20";
				CLANG_ENABLE_MODULES = YES;
				CLANG_ENABLE_OBJC_ARC = YES;
				CLANG_ENABLE_OBJC_WEAK = YES;
				CLANG_WARN_BLOCK_CAPTURE_AUTORELEASING = YES;
				CLANG_WARN_BOOL_CONVERSION = YES;
				CLANG_WARN_COMMA = YES;
				CLANG_WARN_CONSTANT_CONVERSION = YES;
				CLANG_WARN_DEPRECATED_OBJC_IMPLEMENTATIONS = YES;
				CLANG_WARN_DIRECT_OBJC_ISA_USAGE = YES_ERROR;
				CLANG_WARN_DOCUMENTATION_COMMENTS = YES;
				CLANG_WARN_EMPTY_BODY = YES;
				CLANG_WARN_ENUM_CONVERSION = YES;
				CLANG_WARN_INFINITE_RECURSION = YES;
				CLANG_WARN_INT_CONVERSION = YES;
				CLANG_WARN_NON_LITERAL_NULL_CONVERSION = YES;
				CLANG_WARN_OBJC_IMPLICIT_RETAIN_SELF = YES;
				CLANG_WARN_OBJC_LITERAL_CONVERSION = YES;
				CLANG_WARN_OBJC_ROOT_CLASS = YES_ERROR;
				CLANG_WARN_QUOTED_INCLUDE_IN_FRAMEWORK_HEADER = YES;
				CLANG_WARN_RANGE_LOOP_ANALYSIS = YES;
				CLANG_WARN_STRICT_PROTOTYPES = YES;
				CLANG_WARN_SUSPICIOUS_MOVE = YES;
				CLANG_WARN_UNGUARDED_AVAILABILITY = YES_AGGRESSIVE;
				CLANG_WARN_UNREACHABLE_CODE = YES;
				CLANG_WARN__DUPLICATE_METHOD_MATCH = YES;
				COPY_PHASE_STRIP = NO;
				DEBUG_INFORMATION_FORMAT = dwarf;
				ENABLE_STRICT_OBJC_MSGSEND = YES;
				ENABLE_TESTABILITY = YES;
				GCC_C_LANGUAGE_STANDARD = gnu11;
				GCC_DYNAMIC_NO_PIC = NO;
				GCC_NO_COMMON_BLOCKS = YES;
				GCC_OPTIMIZATION_LEVEL = 0;
				GCC_PREPROCESSOR_DEFINITIONS = (
					"DEBUG=1",
					"$(inherited)",
				);
				GCC_WARN_64_TO_32_BIT_CONVERSION = YES;
				GCC_WARN_ABOUT_RETURN_TYPE = YES_ERROR;
				GCC_WARN_UNDECLARED_SELECTOR = YES;
				GCC_WARN_UNINITIALIZED_AUTOS = YES_AGGRESSIVE;
				GCC_WARN_UNUSED_FUNCTION = YES;
				GCC_WARN_UNUSED_VARIABLE = YES;
				IPHONEOS_DEPLOYMENT_TARGET = 16.4;
				MTL_ENABLE_DEBUG_INFO = INCLUDE_SOURCE;
				MTL_FAST_MATH = YES;
				ONLY_ACTIVE_ARCH = YES;
				SDKROOT = iphoneos;
				SWIFT_ACTIVE_COMPILATION_CONDITIONS = DEBUG;
				SWIFT_OPTIMIZATION_LEVEL = "-Onone";
			};
			name = Debug;
		};
		57C5BCFB2CC82A14004929BC /* Release */ = {
			isa = XCBuildConfiguration;
			buildSettings = {
				ALWAYS_SEARCH_USER_PATHS = NO;
				CLANG_ANALYZER_NONNULL = YES;
				CLANG_ANALYZER_NUMBER_OBJECT_CONVERSION = YES_AGGRESSIVE;
				CLANG_CXX_LANGUAGE_STANDARD = "gnu++20";
				CLANG_ENABLE_MODULES = YES;
				CLANG_ENABLE_OBJC_ARC = YES;
				CLANG_ENABLE_OBJC_WEAK = YES;
				CLANG_WARN_BLOCK_CAPTURE_AUTORELEASING = YES;
				CLANG_WARN_BOOL_CONVERSION = YES;
				CLANG_WARN_COMMA = YES;
				CLANG_WARN_CONSTANT_CONVERSION = YES;
				CLANG_WARN_DEPRECATED_OBJC_IMPLEMENTATIONS = YES;
				CLANG_WARN_DIRECT_OBJC_ISA_USAGE = YES_ERROR;
				CLANG_WARN_DOCUMENTATION_COMMENTS = YES;
				CLANG_WARN_EMPTY_BODY = YES;
				CLANG_WARN_ENUM_CONVERSION = YES;
				CLANG_WARN_INFINITE_RECURSION = YES;
				CLANG_WARN_INT_CONVERSION = YES;
				CLANG_WARN_NON_LITERAL_NULL_CONVERSION = YES;
				CLANG_WARN_OBJC_IMPLICIT_RETAIN_SELF = YES;
				CLANG_WARN_OBJC_LITERAL_CONVERSION = YES;
				CLANG_WARN_OBJC_ROOT_CLASS = YES_ERROR;
				CLANG_WARN_QUOTED_INCLUDE_IN_FRAMEWORK_HEADER = YES;
				CLANG_WARN_RANGE_LOOP_ANALYSIS = YES;
				CLANG_WARN_STRICT_PROTOTYPES = YES;
				CLANG_WARN_SUSPICIOUS_MOVE = YES;
				CLANG_WARN_UNGUARDED_AVAILABILITY = YES_AGGRESSIVE;
				CLANG_WARN_UNREACHABLE_CODE = YES;
				CLANG_WARN__DUPLICATE_METHOD_MATCH = YES;
				COPY_PHASE_STRIP = NO;
				DEBUG_INFORMATION_FORMAT = "dwarf-with-dsym";
				ENABLE_NS_ASSERTIONS = NO;
				ENABLE_STRICT_OBJC_MSGSEND = YES;
				GCC_C_LANGUAGE_STANDARD = gnu11;
				GCC_NO_COMMON_BLOCKS = YES;
				GCC_WARN_64_TO_32_BIT_CONVERSION = YES;
				GCC_WARN_ABOUT_RETURN_TYPE = YES_ERROR;
				GCC_WARN_UNDECLARED_SELECTOR = YES;
				GCC_WARN_UNINITIALIZED_AUTOS = YES_AGGRESSIVE;
				GCC_WARN_UNUSED_FUNCTION = YES;
				GCC_WARN_UNUSED_VARIABLE = YES;
				IPHONEOS_DEPLOYMENT_TARGET = 16.4;
				MTL_ENABLE_DEBUG_INFO = NO;
				MTL_FAST_MATH = YES;
				SDKROOT = iphoneos;
				SWIFT_COMPILATION_MODE = wholemodule;
				SWIFT_OPTIMIZATION_LEVEL = "-O";
				VALIDATE_PRODUCT = YES;
			};
			name = Release;
		};
		57C5BCFD2CC82A14004929BC /* Debug */ = {
			isa = XCBuildConfiguration;
			baseConfigurationReference = 856333A055AC1AF2A21F078A /* Pods-MercadoLivreChallenge.debug.xcconfig */;
			buildSettings = {
				ASSETCATALOG_COMPILER_APPICON_NAME = AppIcon;
				ASSETCATALOG_COMPILER_GLOBAL_ACCENT_COLOR_NAME = AccentColor;
				CODE_SIGN_STYLE = Automatic;
				CURRENT_PROJECT_VERSION = 1;
				DEVELOPMENT_TEAM = KXUSNVLP69;
				GENERATE_INFOPLIST_FILE = YES;
				INFOPLIST_FILE = MercadoLivreChallenge/Info.plist;
				INFOPLIST_KEY_UIApplicationSupportsIndirectInputEvents = YES;
				INFOPLIST_KEY_UILaunchStoryboardName = LaunchScreen;
				INFOPLIST_KEY_UISupportedInterfaceOrientations_iPad = "UIInterfaceOrientationPortrait UIInterfaceOrientationPortraitUpsideDown UIInterfaceOrientationLandscapeLeft UIInterfaceOrientationLandscapeRight";
				INFOPLIST_KEY_UISupportedInterfaceOrientations_iPhone = "UIInterfaceOrientationPortrait UIInterfaceOrientationLandscapeLeft UIInterfaceOrientationLandscapeRight";
				LD_RUNPATH_SEARCH_PATHS = (
					"$(inherited)",
					"@executable_path/Frameworks",
				);
				MARKETING_VERSION = 1.0;
				PRODUCT_BUNDLE_IDENTIFIER = rgirao.MercadoLivreChallenge;
				PRODUCT_NAME = "$(TARGET_NAME)";
				SWIFT_EMIT_LOC_STRINGS = YES;
				SWIFT_VERSION = 5.0;
				TARGETED_DEVICE_FAMILY = "1,2";
			};
			name = Debug;
		};
		57C5BCFE2CC82A14004929BC /* Release */ = {
			isa = XCBuildConfiguration;
			baseConfigurationReference = 6B7F1CEBE62A646E599ED3C8 /* Pods-MercadoLivreChallenge.release.xcconfig */;
			buildSettings = {
				ASSETCATALOG_COMPILER_APPICON_NAME = AppIcon;
				ASSETCATALOG_COMPILER_GLOBAL_ACCENT_COLOR_NAME = AccentColor;
				CODE_SIGN_STYLE = Automatic;
				CURRENT_PROJECT_VERSION = 1;
				DEVELOPMENT_TEAM = KXUSNVLP69;
				GENERATE_INFOPLIST_FILE = YES;
				INFOPLIST_FILE = MercadoLivreChallenge/Info.plist;
				INFOPLIST_KEY_UIApplicationSupportsIndirectInputEvents = YES;
				INFOPLIST_KEY_UILaunchStoryboardName = LaunchScreen;
				INFOPLIST_KEY_UISupportedInterfaceOrientations_iPad = "UIInterfaceOrientationPortrait UIInterfaceOrientationPortraitUpsideDown UIInterfaceOrientationLandscapeLeft UIInterfaceOrientationLandscapeRight";
				INFOPLIST_KEY_UISupportedInterfaceOrientations_iPhone = "UIInterfaceOrientationPortrait UIInterfaceOrientationLandscapeLeft UIInterfaceOrientationLandscapeRight";
				LD_RUNPATH_SEARCH_PATHS = (
					"$(inherited)",
					"@executable_path/Frameworks",
				);
				MARKETING_VERSION = 1.0;
				PRODUCT_BUNDLE_IDENTIFIER = rgirao.MercadoLivreChallenge;
				PRODUCT_NAME = "$(TARGET_NAME)";
				SWIFT_EMIT_LOC_STRINGS = YES;
				SWIFT_VERSION = 5.0;
				TARGETED_DEVICE_FAMILY = "1,2";
			};
			name = Release;
		};
		57C5BD002CC82A14004929BC /* Debug */ = {
			isa = XCBuildConfiguration;
			baseConfigurationReference = FAA97BF36D631444C03A921C /* Pods-MercadoLivreChallengeTests.debug.xcconfig */;
			buildSettings = {
				ALWAYS_EMBED_SWIFT_STANDARD_LIBRARIES = YES;
				BUNDLE_LOADER = "$(TEST_HOST)";
				CODE_SIGN_STYLE = Automatic;
				CURRENT_PROJECT_VERSION = 1;
				DEVELOPMENT_TEAM = KXUSNVLP69;
				GENERATE_INFOPLIST_FILE = YES;
				IPHONEOS_DEPLOYMENT_TARGET = 16.4;
				MARKETING_VERSION = 1.0;
				PRODUCT_BUNDLE_IDENTIFIER = rgirao.MercadoLivreChallengeTests;
				PRODUCT_NAME = "$(TARGET_NAME)";
				SWIFT_EMIT_LOC_STRINGS = NO;
				SWIFT_VERSION = 5.0;
				TARGETED_DEVICE_FAMILY = "1,2";
				TEST_HOST = "$(BUILT_PRODUCTS_DIR)/MercadoLivreChallenge.app/$(BUNDLE_EXECUTABLE_FOLDER_PATH)/MercadoLivreChallenge";
			};
			name = Debug;
		};
		57C5BD012CC82A14004929BC /* Release */ = {
			isa = XCBuildConfiguration;
			baseConfigurationReference = 55957C42FE6C7560F3CA0631 /* Pods-MercadoLivreChallengeTests.release.xcconfig */;
			buildSettings = {
				ALWAYS_EMBED_SWIFT_STANDARD_LIBRARIES = YES;
				BUNDLE_LOADER = "$(TEST_HOST)";
				CODE_SIGN_STYLE = Automatic;
				CURRENT_PROJECT_VERSION = 1;
				DEVELOPMENT_TEAM = KXUSNVLP69;
				GENERATE_INFOPLIST_FILE = YES;
				IPHONEOS_DEPLOYMENT_TARGET = 16.4;
				MARKETING_VERSION = 1.0;
				PRODUCT_BUNDLE_IDENTIFIER = rgirao.MercadoLivreChallengeTests;
				PRODUCT_NAME = "$(TARGET_NAME)";
				SWIFT_EMIT_LOC_STRINGS = NO;
				SWIFT_VERSION = 5.0;
				TARGETED_DEVICE_FAMILY = "1,2";
				TEST_HOST = "$(BUILT_PRODUCTS_DIR)/MercadoLivreChallenge.app/$(BUNDLE_EXECUTABLE_FOLDER_PATH)/MercadoLivreChallenge";
			};
			name = Release;
		};
		57C5BD032CC82A14004929BC /* Debug */ = {
			isa = XCBuildConfiguration;
			baseConfigurationReference = 1C25B3C510C4AA18D6C09859 /* Pods-MercadoLivreChallenge-MercadoLivreChallengeUITests.debug.xcconfig */;
			buildSettings = {
				ALWAYS_EMBED_SWIFT_STANDARD_LIBRARIES = YES;
				CODE_SIGN_STYLE = Automatic;
				CURRENT_PROJECT_VERSION = 1;
				DEVELOPMENT_TEAM = KXUSNVLP69;
				GENERATE_INFOPLIST_FILE = YES;
				MARKETING_VERSION = 1.0;
				PRODUCT_BUNDLE_IDENTIFIER = rgirao.MercadoLivreChallengeUITests;
				PRODUCT_NAME = "$(TARGET_NAME)";
				SWIFT_EMIT_LOC_STRINGS = NO;
				SWIFT_VERSION = 5.0;
				TARGETED_DEVICE_FAMILY = "1,2";
				TEST_TARGET_NAME = MercadoLivreChallenge;
			};
			name = Debug;
		};
		57C5BD042CC82A14004929BC /* Release */ = {
			isa = XCBuildConfiguration;
			baseConfigurationReference = C4E6D983D07CC72E6EDB55E5 /* Pods-MercadoLivreChallenge-MercadoLivreChallengeUITests.release.xcconfig */;
			buildSettings = {
				ALWAYS_EMBED_SWIFT_STANDARD_LIBRARIES = YES;
				CODE_SIGN_STYLE = Automatic;
				CURRENT_PROJECT_VERSION = 1;
				DEVELOPMENT_TEAM = KXUSNVLP69;
				GENERATE_INFOPLIST_FILE = YES;
				MARKETING_VERSION = 1.0;
				PRODUCT_BUNDLE_IDENTIFIER = rgirao.MercadoLivreChallengeUITests;
				PRODUCT_NAME = "$(TARGET_NAME)";
				SWIFT_EMIT_LOC_STRINGS = NO;
				SWIFT_VERSION = 5.0;
				TARGETED_DEVICE_FAMILY = "1,2";
				TEST_TARGET_NAME = MercadoLivreChallenge;
			};
			name = Release;
		};
/* End XCBuildConfiguration section */

/* Begin XCConfigurationList section */
		57C5BCCA2CC82A11004929BC /* Build configuration list for PBXProject "MercadoLivreChallenge" */ = {
			isa = XCConfigurationList;
			buildConfigurations = (
				57C5BCFA2CC82A14004929BC /* Debug */,
				57C5BCFB2CC82A14004929BC /* Release */,
			);
			defaultConfigurationIsVisible = 0;
			defaultConfigurationName = Release;
		};
		57C5BCFC2CC82A14004929BC /* Build configuration list for PBXNativeTarget "MercadoLivreChallenge" */ = {
			isa = XCConfigurationList;
			buildConfigurations = (
				57C5BCFD2CC82A14004929BC /* Debug */,
				57C5BCFE2CC82A14004929BC /* Release */,
			);
			defaultConfigurationIsVisible = 0;
			defaultConfigurationName = Release;
		};
		57C5BCFF2CC82A14004929BC /* Build configuration list for PBXNativeTarget "MercadoLivreChallengeTests" */ = {
			isa = XCConfigurationList;
			buildConfigurations = (
				57C5BD002CC82A14004929BC /* Debug */,
				57C5BD012CC82A14004929BC /* Release */,
			);
			defaultConfigurationIsVisible = 0;
			defaultConfigurationName = Release;
		};
		57C5BD022CC82A14004929BC /* Build configuration list for PBXNativeTarget "MercadoLivreChallengeUITests" */ = {
			isa = XCConfigurationList;
			buildConfigurations = (
				57C5BD032CC82A14004929BC /* Debug */,
				57C5BD042CC82A14004929BC /* Release */,
			);
			defaultConfigurationIsVisible = 0;
			defaultConfigurationName = Release;
		};
/* End XCConfigurationList section */

/* Begin XCVersionGroup section */
		57C5BCDB2CC82A11004929BC /* MercadoLivreChallenge.xcdatamodeld */ = {
			isa = XCVersionGroup;
			children = (
				57C5BCDC2CC82A11004929BC /* MercadoLivreChallenge.xcdatamodel */,
			);
			currentVersion = 57C5BCDC2CC82A11004929BC /* MercadoLivreChallenge.xcdatamodel */;
			path = MercadoLivreChallenge.xcdatamodeld;
			sourceTree = "<group>";
			versionGroupType = wrapper.xcdatamodel;
		};
/* End XCVersionGroup section */
	};
	rootObject = 57C5BCC72CC82A11004929BC /* Project object */;
}
