// !$*UTF8*$!
{
	archiveVersion = 1;
	classes = {
	};
	objectVersion = 56;
	objects = {

/* Begin PBXBuildFile section */
		35303F96A2B40D6A0F88A5D1 /* Pods_MercadoLivreChallengeUITests.framework in Frameworks */ = {isa = PBXBuildFile; fileRef = 7A4F7D1D524233687B4C4EE5 /* Pods_MercadoLivreChallengeUITests.framework */; };
		573F589D2CCC74C200DF01E3 /* ShoppingCartViewController.swift in Sources */ = {isa = PBXBuildFile; fileRef = 573F589C2CCC74C200DF01E3 /* ShoppingCartViewController.swift */; };
		573F589F2CCC819600DF01E3 /* CategoryCollectionViewCell.swift in Sources */ = {isa = PBXBuildFile; fileRef = 573F589E2CCC819600DF01E3 /* CategoryCollectionViewCell.swift */; };
		573F58A52CCDADFD00DF01E3 /* UIColor+Hex.swift in Sources */ = {isa = PBXBuildFile; fileRef = 573F58A42CCDADFD00DF01E3 /* UIColor+Hex.swift */; };
		573F58A72CCDB4EA00DF01E3 /* TabBarController.swift in Sources */ = {isa = PBXBuildFile; fileRef = 573F58A62CCDB4EA00DF01E3 /* TabBarController.swift */; };
		573F58A92CCDBCC100DF01E3 /* ListProductsViewModel.swift in Sources */ = {isa = PBXBuildFile; fileRef = 573F58A82CCDBCC100DF01E3 /* ListProductsViewModel.swift */; };
		573F58AB2CCE0A2800DF01E3 /* ProductCollectionViewCell.swift in Sources */ = {isa = PBXBuildFile; fileRef = 573F58AA2CCE0A2800DF01E3 /* ProductCollectionViewCell.swift */; };
		573F58AF2CCE10D500DF01E3 /* SearchResponse.swift in Sources */ = {isa = PBXBuildFile; fileRef = 573F58AE2CCE10D500DF01E3 /* SearchResponse.swift */; };
		573F58CD2CCE376800DF01E3 /* Observable.swift in Sources */ = {isa = PBXBuildFile; fileRef = 573F58CC2CCE376800DF01E3 /* Observable.swift */; };
		573F58CF2CD0049F00DF01E3 /* ImageProduct.swift in Sources */ = {isa = PBXBuildFile; fileRef = 573F58CE2CD0049F00DF01E3 /* ImageProduct.swift */; };
		573F58D12CD00A8500DF01E3 /* Double+formatPrice.swift in Sources */ = {isa = PBXBuildFile; fileRef = 573F58D02CD00A8500DF01E3 /* Double+formatPrice.swift */; };
		573F58D32CD022CA00DF01E3 /* ReviewRate.swift in Sources */ = {isa = PBXBuildFile; fileRef = 573F58D22CD022CA00DF01E3 /* ReviewRate.swift */; };
		573F58D52CD0376700DF01E3 /* Installments.swift in Sources */ = {isa = PBXBuildFile; fileRef = 573F58D42CD0376700DF01E3 /* Installments.swift */; };
		573F58D72CD0378000DF01E3 /* Shipping.swift in Sources */ = {isa = PBXBuildFile; fileRef = 573F58D62CD0378000DF01E3 /* Shipping.swift */; };
		573F58D92CD037A400DF01E3 /* Attribute.swift in Sources */ = {isa = PBXBuildFile; fileRef = 573F58D82CD037A400DF01E3 /* Attribute.swift */; };
		573F58DB2CD0381A00DF01E3 /* SalePrice.swift in Sources */ = {isa = PBXBuildFile; fileRef = 573F58DA2CD0381A00DF01E3 /* SalePrice.swift */; };
		573F58DD2CD040CC00DF01E3 /* NetworkingManagerTests.swift in Sources */ = {isa = PBXBuildFile; fileRef = 573F58DC2CD040CC00DF01E3 /* NetworkingManagerTests.swift */; };
		573F58DF2CD0468200DF01E3 /* MockURLSession.swift in Sources */ = {isa = PBXBuildFile; fileRef = 573F58DE2CD0468200DF01E3 /* MockURLSession.swift */; };
		573F58E12CD0548C00DF01E3 /* HomeViewModelTests.swift in Sources */ = {isa = PBXBuildFile; fileRef = 573F58E02CD0548C00DF01E3 /* HomeViewModelTests.swift */; };
		573F58E32CD054DE00DF01E3 /* MockNetworkingManager.swift in Sources */ = {isa = PBXBuildFile; fileRef = 573F58E22CD054DE00DF01E3 /* MockNetworkingManager.swift */; };
		573F58E52CD0575E00DF01E3 /* NetworkingManager.swift in Sources */ = {isa = PBXBuildFile; fileRef = 57C5BD0B2CC82D48004929BC /* NetworkingManager.swift */; };
		573F58E62CD057A400DF01E3 /* HomeViewModel.swift in Sources */ = {isa = PBXBuildFile; fileRef = 5764DADF2CCC58BA00399D9D /* HomeViewModel.swift */; };
		573F58E92CD057FF00DF01E3 /* NetworkingManagerProtocol.swift in Sources */ = {isa = PBXBuildFile; fileRef = 573F58E72CD057E700DF01E3 /* NetworkingManagerProtocol.swift */; };
		573F58EA2CD0586400DF01E3 /* Category.swift in Sources */ = {isa = PBXBuildFile; fileRef = 57CB99652CC83B8000F27D25 /* Category.swift */; };
		573F58EC2CD0593400DF01E3 /* CategoryDetail.swift in Sources */ = {isa = PBXBuildFile; fileRef = 573F58EB2CD0593400DF01E3 /* CategoryDetail.swift */; };
		573F58EF2CD0595A00DF01E3 /* Settings.swift in Sources */ = {isa = PBXBuildFile; fileRef = 573F58EE2CD0595A00DF01E3 /* Settings.swift */; };
		573F58F02CD05A5B00DF01E3 /* CategoryDetail.swift in Sources */ = {isa = PBXBuildFile; fileRef = 573F58EB2CD0593400DF01E3 /* CategoryDetail.swift */; };
		573F58F12CD05A5F00DF01E3 /* Settings.swift in Sources */ = {isa = PBXBuildFile; fileRef = 573F58EE2CD0595A00DF01E3 /* Settings.swift */; };
		573F58F22CD05A8900DF01E3 /* Observable.swift in Sources */ = {isa = PBXBuildFile; fileRef = 573F58CC2CCE376800DF01E3 /* Observable.swift */; };
		573F58F52CD05C6400DF01E3 /* ListProductsViewModelTests.swift in Sources */ = {isa = PBXBuildFile; fileRef = 573F58F32CD05C6400DF01E3 /* ListProductsViewModelTests.swift */; };
		573F58F72CD0615400DF01E3 /* NetworkingManagerProtocol.swift in Sources */ = {isa = PBXBuildFile; fileRef = 573F58E72CD057E700DF01E3 /* NetworkingManagerProtocol.swift */; };
		573F58F82CD061FF00DF01E3 /* ListProductsViewModel.swift in Sources */ = {isa = PBXBuildFile; fileRef = 573F58A82CCDBCC100DF01E3 /* ListProductsViewModel.swift */; };
		573F58F92CD0625400DF01E3 /* SearchResponse.swift in Sources */ = {isa = PBXBuildFile; fileRef = 573F58AE2CCE10D500DF01E3 /* SearchResponse.swift */; };
		573F58FA2CD0625700DF01E3 /* Product.swift in Sources */ = {isa = PBXBuildFile; fileRef = 57C5BD0D2CC82E0D004929BC /* Product.swift */; };
		573F58FB2CD062B300DF01E3 /* ImageProduct.swift in Sources */ = {isa = PBXBuildFile; fileRef = 573F58CE2CD0049F00DF01E3 /* ImageProduct.swift */; };
		573F58FC2CD062B500DF01E3 /* ReviewRate.swift in Sources */ = {isa = PBXBuildFile; fileRef = 573F58D22CD022CA00DF01E3 /* ReviewRate.swift */; };
		573F58FD2CD062B700DF01E3 /* Installments.swift in Sources */ = {isa = PBXBuildFile; fileRef = 573F58D42CD0376700DF01E3 /* Installments.swift */; };
		573F58FE2CD062BA00DF01E3 /* Shipping.swift in Sources */ = {isa = PBXBuildFile; fileRef = 573F58D62CD0378000DF01E3 /* Shipping.swift */; };
		573F58FF2CD062BC00DF01E3 /* Attribute.swift in Sources */ = {isa = PBXBuildFile; fileRef = 573F58D82CD037A400DF01E3 /* Attribute.swift */; };
		573F59002CD062BE00DF01E3 /* SalePrice.swift in Sources */ = {isa = PBXBuildFile; fileRef = 573F58DA2CD0381A00DF01E3 /* SalePrice.swift */; };
		573F59032CD0647500DF01E3 /* MainModelTests.swift in Sources */ = {isa = PBXBuildFile; fileRef = 573F59012CD0647500DF01E3 /* MainModelTests.swift */; };
		5764DAE02CCC58BA00399D9D /* HomeViewModel.swift in Sources */ = {isa = PBXBuildFile; fileRef = 5764DADF2CCC58BA00399D9D /* HomeViewModel.swift */; };
		57C5BCD32CC82A11004929BC /* AppDelegate.swift in Sources */ = {isa = PBXBuildFile; fileRef = 57C5BCD22CC82A11004929BC /* AppDelegate.swift */; };
		57C5BCD52CC82A11004929BC /* SceneDelegate.swift in Sources */ = {isa = PBXBuildFile; fileRef = 57C5BCD42CC82A11004929BC /* SceneDelegate.swift */; };
		57C5BCDD2CC82A11004929BC /* MercadoLivreChallenge.xcdatamodeld in Sources */ = {isa = PBXBuildFile; fileRef = 57C5BCDB2CC82A11004929BC /* MercadoLivreChallenge.xcdatamodeld */; };
		57C5BCDF2CC82A14004929BC /* Assets.xcassets in Resources */ = {isa = PBXBuildFile; fileRef = 57C5BCDE2CC82A14004929BC /* Assets.xcassets */; };
		57C5BCE22CC82A14004929BC /* LaunchScreen.storyboard in Resources */ = {isa = PBXBuildFile; fileRef = 57C5BCE02CC82A14004929BC /* LaunchScreen.storyboard */; };
		57C5BCED2CC82A14004929BC /* MercadoLivreChallengeTests.swift in Sources */ = {isa = PBXBuildFile; fileRef = 57C5BCEC2CC82A14004929BC /* MercadoLivreChallengeTests.swift */; };
		57C5BCF72CC82A14004929BC /* MercadoLivreChallengeUITests.swift in Sources */ = {isa = PBXBuildFile; fileRef = 57C5BCF62CC82A14004929BC /* MercadoLivreChallengeUITests.swift */; };
		57C5BCF92CC82A14004929BC /* MercadoLivreChallengeUITestsLaunchTests.swift in Sources */ = {isa = PBXBuildFile; fileRef = 57C5BCF82CC82A14004929BC /* MercadoLivreChallengeUITestsLaunchTests.swift */; };
		57C5BD0C2CC82D48004929BC /* NetworkingManager.swift in Sources */ = {isa = PBXBuildFile; fileRef = 57C5BD0B2CC82D48004929BC /* NetworkingManager.swift */; };
		57C5BD0E2CC82E0D004929BC /* Product.swift in Sources */ = {isa = PBXBuildFile; fileRef = 57C5BD0D2CC82E0D004929BC /* Product.swift */; };
		57C5BD102CC8320B004929BC /* ProductDetailsView.swift in Sources */ = {isa = PBXBuildFile; fileRef = 57C5BD0F2CC8320B004929BC /* ProductDetailsView.swift */; };
		57C5BD132CC83239004929BC /* ProductDetailsViewController.swift in Sources */ = {isa = PBXBuildFile; fileRef = 57C5BD122CC83239004929BC /* ProductDetailsViewController.swift */; };
		57C5BD152CC83469004929BC /* HomeViewController.swift in Sources */ = {isa = PBXBuildFile; fileRef = 57C5BD142CC83469004929BC /* HomeViewController.swift */; };
		57C5BD192CC83626004929BC /* ProductDetailsViewModel.swift in Sources */ = {isa = PBXBuildFile; fileRef = 57C5BD182CC83626004929BC /* ProductDetailsViewModel.swift */; };
		57CB99662CC83B8000F27D25 /* Category.swift in Sources */ = {isa = PBXBuildFile; fileRef = 57CB99652CC83B8000F27D25 /* Category.swift */; };
		57CB99682CC83CFE00F27D25 /* HomeView.swift in Sources */ = {isa = PBXBuildFile; fileRef = 57CB99672CC83CFE00F27D25 /* HomeView.swift */; };
		57CB996A2CC83D0F00F27D25 /* ListProductsView.swift in Sources */ = {isa = PBXBuildFile; fileRef = 57CB99692CC83D0F00F27D25 /* ListProductsView.swift */; };
		57CB996C2CC83D3600F27D25 /* ListProductsViewController.swift in Sources */ = {isa = PBXBuildFile; fileRef = 57CB996B2CC83D3600F27D25 /* ListProductsViewController.swift */; };
		57CB99702CC8404200F27D25 /* FavoritesViewController.swift in Sources */ = {isa = PBXBuildFile; fileRef = 57CB996F2CC8404200F27D25 /* FavoritesViewController.swift */; };
		57CB99722CC8407700F27D25 /* SettingsViewController.swift in Sources */ = {isa = PBXBuildFile; fileRef = 57CB99712CC8407700F27D25 /* SettingsViewController.swift */; };
		EC3E064F3D3DD02FB67B7518 /* Pods_MercadoLivreChallengeTests.framework in Frameworks */ = {isa = PBXBuildFile; fileRef = 6F41F4876A78791864E96AD5 /* Pods_MercadoLivreChallengeTests.framework */; };
		F3CAEC0D9BF36D81E42BDE52 /* Pods_MercadoLivreChallenge.framework in Frameworks */ = {isa = PBXBuildFile; fileRef = FE9DE952221FA40D74345ADA /* Pods_MercadoLivreChallenge.framework */; };
/* End PBXBuildFile section */

/* Begin PBXContainerItemProxy section */
		57C5BCE92CC82A14004929BC /* PBXContainerItemProxy */ = {
			isa = PBXContainerItemProxy;
			containerPortal = 57C5BCC72CC82A11004929BC /* Project object */;
			proxyType = 1;
			remoteGlobalIDString = 57C5BCCE2CC82A11004929BC;
			remoteInfo = MercadoLivreChallenge;
		};
		57C5BCF32CC82A14004929BC /* PBXContainerItemProxy */ = {
			isa = PBXContainerItemProxy;
			containerPortal = 57C5BCC72CC82A11004929BC /* Project object */;
			proxyType = 1;
			remoteGlobalIDString = 57C5BCCE2CC82A11004929BC;
			remoteInfo = MercadoLivreChallenge;
		};
/* End PBXContainerItemProxy section */

/* Begin PBXFileReference section */
		1C25B3C510C4AA18D6C09859 /* Pods-MercadoLivreChallenge-MercadoLivreChallengeUITests.debug.xcconfig */ = {isa = PBXFileReference; includeInIndex = 1; lastKnownFileType = text.xcconfig; name = "Pods-MercadoLivreChallenge-MercadoLivreChallengeUITests.debug.xcconfig"; path = "Target Support Files/Pods-MercadoLivreChallenge-MercadoLivreChallengeUITests/Pods-MercadoLivreChallenge-MercadoLivreChallengeUITests.debug.xcconfig"; sourceTree = "<group>"; };
		339020E412865E5E4BA382AF /* Pods-MercadoLivreChallengeUITests.release.xcconfig */ = {isa = PBXFileReference; includeInIndex = 1; lastKnownFileType = text.xcconfig; name = "Pods-MercadoLivreChallengeUITests.release.xcconfig"; path = "Target Support Files/Pods-MercadoLivreChallengeUITests/Pods-MercadoLivreChallengeUITests.release.xcconfig"; sourceTree = "<group>"; };
		55957C42FE6C7560F3CA0631 /* Pods-MercadoLivreChallengeTests.release.xcconfig */ = {isa = PBXFileReference; includeInIndex = 1; lastKnownFileType = text.xcconfig; name = "Pods-MercadoLivreChallengeTests.release.xcconfig"; path = "Target Support Files/Pods-MercadoLivreChallengeTests/Pods-MercadoLivreChallengeTests.release.xcconfig"; sourceTree = "<group>"; };
		573F589C2CCC74C200DF01E3 /* ShoppingCartViewController.swift */ = {isa = PBXFileReference; lastKnownFileType = sourcecode.swift; path = ShoppingCartViewController.swift; sourceTree = "<group>"; };
		573F589E2CCC819600DF01E3 /* CategoryCollectionViewCell.swift */ = {isa = PBXFileReference; lastKnownFileType = sourcecode.swift; path = CategoryCollectionViewCell.swift; sourceTree = "<group>"; };
		573F58A42CCDADFD00DF01E3 /* UIColor+Hex.swift */ = {isa = PBXFileReference; lastKnownFileType = sourcecode.swift; path = "UIColor+Hex.swift"; sourceTree = "<group>"; };
		573F58A62CCDB4EA00DF01E3 /* TabBarController.swift */ = {isa = PBXFileReference; lastKnownFileType = sourcecode.swift; path = TabBarController.swift; sourceTree = "<group>"; };
		573F58A82CCDBCC100DF01E3 /* ListProductsViewModel.swift */ = {isa = PBXFileReference; lastKnownFileType = sourcecode.swift; path = ListProductsViewModel.swift; sourceTree = "<group>"; };
		573F58AA2CCE0A2800DF01E3 /* ProductCollectionViewCell.swift */ = {isa = PBXFileReference; lastKnownFileType = sourcecode.swift; path = ProductCollectionViewCell.swift; sourceTree = "<group>"; };
		573F58AE2CCE10D500DF01E3 /* SearchResponse.swift */ = {isa = PBXFileReference; lastKnownFileType = sourcecode.swift; path = SearchResponse.swift; sourceTree = "<group>"; };
		573F58CC2CCE376800DF01E3 /* Observable.swift */ = {isa = PBXFileReference; lastKnownFileType = sourcecode.swift; path = Observable.swift; sourceTree = "<group>"; };
		573F58CE2CD0049F00DF01E3 /* ImageProduct.swift */ = {isa = PBXFileReference; lastKnownFileType = sourcecode.swift; path = ImageProduct.swift; sourceTree = "<group>"; };
		573F58D02CD00A8500DF01E3 /* Double+formatPrice.swift */ = {isa = PBXFileReference; lastKnownFileType = sourcecode.swift; path = "Double+formatPrice.swift"; sourceTree = "<group>"; };
		573F58D22CD022CA00DF01E3 /* ReviewRate.swift */ = {isa = PBXFileReference; lastKnownFileType = sourcecode.swift; path = ReviewRate.swift; sourceTree = "<group>"; };
		573F58D42CD0376700DF01E3 /* Installments.swift */ = {isa = PBXFileReference; lastKnownFileType = sourcecode.swift; path = Installments.swift; sourceTree = "<group>"; };
		573F58D62CD0378000DF01E3 /* Shipping.swift */ = {isa = PBXFileReference; lastKnownFileType = sourcecode.swift; path = Shipping.swift; sourceTree = "<group>"; };
		573F58D82CD037A400DF01E3 /* Attribute.swift */ = {isa = PBXFileReference; lastKnownFileType = sourcecode.swift; path = Attribute.swift; sourceTree = "<group>"; };
		573F58DA2CD0381A00DF01E3 /* SalePrice.swift */ = {isa = PBXFileReference; lastKnownFileType = sourcecode.swift; path = SalePrice.swift; sourceTree = "<group>"; };
		573F58DC2CD040CC00DF01E3 /* NetworkingManagerTests.swift */ = {isa = PBXFileReference; lastKnownFileType = sourcecode.swift; path = NetworkingManagerTests.swift; sourceTree = "<group>"; };
		573F58DE2CD0468200DF01E3 /* MockURLSession.swift */ = {isa = PBXFileReference; lastKnownFileType = sourcecode.swift; path = MockURLSession.swift; sourceTree = "<group>"; };
		573F58E02CD0548C00DF01E3 /* HomeViewModelTests.swift */ = {isa = PBXFileReference; lastKnownFileType = sourcecode.swift; path = HomeViewModelTests.swift; sourceTree = "<group>"; };
		573F58E22CD054DE00DF01E3 /* MockNetworkingManager.swift */ = {isa = PBXFileReference; lastKnownFileType = sourcecode.swift; path = MockNetworkingManager.swift; sourceTree = "<group>"; };
		573F58E72CD057E700DF01E3 /* NetworkingManagerProtocol.swift */ = {isa = PBXFileReference; lastKnownFileType = sourcecode.swift; path = NetworkingManagerProtocol.swift; sourceTree = "<group>"; };
		573F58EB2CD0593400DF01E3 /* CategoryDetail.swift */ = {isa = PBXFileReference; lastKnownFileType = sourcecode.swift; path = CategoryDetail.swift; sourceTree = "<group>"; };
		573F58EE2CD0595A00DF01E3 /* Settings.swift */ = {isa = PBXFileReference; lastKnownFileType = sourcecode.swift; path = Settings.swift; sourceTree = "<group>"; };
		573F58F32CD05C6400DF01E3 /* ListProductsViewModelTests.swift */ = {isa = PBXFileReference; lastKnownFileType = sourcecode.swift; path = ListProductsViewModelTests.swift; sourceTree = "<group>"; };
		573F59012CD0647500DF01E3 /* MainModelTests.swift */ = {isa = PBXFileReference; lastKnownFileType = sourcecode.swift; path = MainModelTests.swift; sourceTree = "<group>"; };
		5764DADF2CCC58BA00399D9D /* HomeViewModel.swift */ = {isa = PBXFileReference; lastKnownFileType = sourcecode.swift; path = HomeViewModel.swift; sourceTree = "<group>"; };
		57C5BCCF2CC82A11004929BC /* MercadoLivreChallenge.app */ = {isa = PBXFileReference; explicitFileType = wrapper.application; includeInIndex = 0; path = MercadoLivreChallenge.app; sourceTree = BUILT_PRODUCTS_DIR; };
		57C5BCD22CC82A11004929BC /* AppDelegate.swift */ = {isa = PBXFileReference; lastKnownFileType = sourcecode.swift; path = AppDelegate.swift; sourceTree = "<group>"; };
		57C5BCD42CC82A11004929BC /* SceneDelegate.swift */ = {isa = PBXFileReference; lastKnownFileType = sourcecode.swift; path = SceneDelegate.swift; sourceTree = "<group>"; };
		57C5BCDC2CC82A11004929BC /* MercadoLivreChallenge.xcdatamodel */ = {isa = PBXFileReference; lastKnownFileType = wrapper.xcdatamodel; path = MercadoLivreChallenge.xcdatamodel; sourceTree = "<group>"; };
		57C5BCDE2CC82A14004929BC /* Assets.xcassets */ = {isa = PBXFileReference; lastKnownFileType = folder.assetcatalog; path = Assets.xcassets; sourceTree = "<group>"; };
		57C5BCE12CC82A14004929BC /* Base */ = {isa = PBXFileReference; lastKnownFileType = file.storyboard; name = Base; path = Base.lproj/LaunchScreen.storyboard; sourceTree = "<group>"; };
		57C5BCE32CC82A14004929BC /* Info.plist */ = {isa = PBXFileReference; lastKnownFileType = text.plist.xml; path = Info.plist; sourceTree = "<group>"; };
		57C5BCE82CC82A14004929BC /* MercadoLivreChallengeTests.xctest */ = {isa = PBXFileReference; explicitFileType = wrapper.cfbundle; includeInIndex = 0; path = MercadoLivreChallengeTests.xctest; sourceTree = BUILT_PRODUCTS_DIR; };
		57C5BCEC2CC82A14004929BC /* MercadoLivreChallengeTests.swift */ = {isa = PBXFileReference; lastKnownFileType = sourcecode.swift; path = MercadoLivreChallengeTests.swift; sourceTree = "<group>"; };
		57C5BCF22CC82A14004929BC /* MercadoLivreChallengeUITests.xctest */ = {isa = PBXFileReference; explicitFileType = wrapper.cfbundle; includeInIndex = 0; path = MercadoLivreChallengeUITests.xctest; sourceTree = BUILT_PRODUCTS_DIR; };
		57C5BCF62CC82A14004929BC /* MercadoLivreChallengeUITests.swift */ = {isa = PBXFileReference; lastKnownFileType = sourcecode.swift; path = MercadoLivreChallengeUITests.swift; sourceTree = "<group>"; };
		57C5BCF82CC82A14004929BC /* MercadoLivreChallengeUITestsLaunchTests.swift */ = {isa = PBXFileReference; lastKnownFileType = sourcecode.swift; path = MercadoLivreChallengeUITestsLaunchTests.swift; sourceTree = "<group>"; };
		57C5BD0B2CC82D48004929BC /* NetworkingManager.swift */ = {isa = PBXFileReference; lastKnownFileType = sourcecode.swift; path = NetworkingManager.swift; sourceTree = "<group>"; };
		57C5BD0D2CC82E0D004929BC /* Product.swift */ = {isa = PBXFileReference; lastKnownFileType = sourcecode.swift; path = Product.swift; sourceTree = "<group>"; };
		57C5BD0F2CC8320B004929BC /* ProductDetailsView.swift */ = {isa = PBXFileReference; lastKnownFileType = sourcecode.swift; path = ProductDetailsView.swift; sourceTree = "<group>"; };
		57C5BD122CC83239004929BC /* ProductDetailsViewController.swift */ = {isa = PBXFileReference; lastKnownFileType = sourcecode.swift; path = ProductDetailsViewController.swift; sourceTree = "<group>"; };
		57C5BD142CC83469004929BC /* HomeViewController.swift */ = {isa = PBXFileReference; lastKnownFileType = sourcecode.swift; path = HomeViewController.swift; sourceTree = "<group>"; };
		57C5BD182CC83626004929BC /* ProductDetailsViewModel.swift */ = {isa = PBXFileReference; lastKnownFileType = sourcecode.swift; path = ProductDetailsViewModel.swift; sourceTree = "<group>"; };
		57CB99652CC83B8000F27D25 /* Category.swift */ = {isa = PBXFileReference; lastKnownFileType = sourcecode.swift; path = Category.swift; sourceTree = "<group>"; };
		57CB99672CC83CFE00F27D25 /* HomeView.swift */ = {isa = PBXFileReference; lastKnownFileType = sourcecode.swift; path = HomeView.swift; sourceTree = "<group>"; };
		57CB99692CC83D0F00F27D25 /* ListProductsView.swift */ = {isa = PBXFileReference; lastKnownFileType = sourcecode.swift; path = ListProductsView.swift; sourceTree = "<group>"; };
		57CB996B2CC83D3600F27D25 /* ListProductsViewController.swift */ = {isa = PBXFileReference; lastKnownFileType = sourcecode.swift; path = ListProductsViewController.swift; sourceTree = "<group>"; };
		57CB996F2CC8404200F27D25 /* FavoritesViewController.swift */ = {isa = PBXFileReference; lastKnownFileType = sourcecode.swift; path = FavoritesViewController.swift; sourceTree = "<group>"; };
		57CB99712CC8407700F27D25 /* SettingsViewController.swift */ = {isa = PBXFileReference; lastKnownFileType = sourcecode.swift; path = SettingsViewController.swift; sourceTree = "<group>"; };
		6B7F1CEBE62A646E599ED3C8 /* Pods-MercadoLivreChallenge.release.xcconfig */ = {isa = PBXFileReference; includeInIndex = 1; lastKnownFileType = text.xcconfig; name = "Pods-MercadoLivreChallenge.release.xcconfig"; path = "Target Support Files/Pods-MercadoLivreChallenge/Pods-MercadoLivreChallenge.release.xcconfig"; sourceTree = "<group>"; };
		6F41F4876A78791864E96AD5 /* Pods_MercadoLivreChallengeTests.framework */ = {isa = PBXFileReference; explicitFileType = wrapper.framework; includeInIndex = 0; path = Pods_MercadoLivreChallengeTests.framework; sourceTree = BUILT_PRODUCTS_DIR; };
		7A4F7D1D524233687B4C4EE5 /* Pods_MercadoLivreChallengeUITests.framework */ = {isa = PBXFileReference; explicitFileType = wrapper.framework; includeInIndex = 0; path = Pods_MercadoLivreChallengeUITests.framework; sourceTree = BUILT_PRODUCTS_DIR; };
		856333A055AC1AF2A21F078A /* Pods-MercadoLivreChallenge.debug.xcconfig */ = {isa = PBXFileReference; includeInIndex = 1; lastKnownFileType = text.xcconfig; name = "Pods-MercadoLivreChallenge.debug.xcconfig"; path = "Target Support Files/Pods-MercadoLivreChallenge/Pods-MercadoLivreChallenge.debug.xcconfig"; sourceTree = "<group>"; };
		86B87E3B128E3A34E9B0811E /* Pods-MercadoLivreChallengeUITests.debug.xcconfig */ = {isa = PBXFileReference; includeInIndex = 1; lastKnownFileType = text.xcconfig; name = "Pods-MercadoLivreChallengeUITests.debug.xcconfig"; path = "Target Support Files/Pods-MercadoLivreChallengeUITests/Pods-MercadoLivreChallengeUITests.debug.xcconfig"; sourceTree = "<group>"; };
		C4E6D983D07CC72E6EDB55E5 /* Pods-MercadoLivreChallenge-MercadoLivreChallengeUITests.release.xcconfig */ = {isa = PBXFileReference; includeInIndex = 1; lastKnownFileType = text.xcconfig; name = "Pods-MercadoLivreChallenge-MercadoLivreChallengeUITests.release.xcconfig"; path = "Target Support Files/Pods-MercadoLivreChallenge-MercadoLivreChallengeUITests/Pods-MercadoLivreChallenge-MercadoLivreChallengeUITests.release.xcconfig"; sourceTree = "<group>"; };
		FAA97BF36D631444C03A921C /* Pods-MercadoLivreChallengeTests.debug.xcconfig */ = {isa = PBXFileReference; includeInIndex = 1; lastKnownFileType = text.xcconfig; name = "Pods-MercadoLivreChallengeTests.debug.xcconfig"; path = "Target Support Files/Pods-MercadoLivreChallengeTests/Pods-MercadoLivreChallengeTests.debug.xcconfig"; sourceTree = "<group>"; };
		FE9DE952221FA40D74345ADA /* Pods_MercadoLivreChallenge.framework */ = {isa = PBXFileReference; explicitFileType = wrapper.framework; includeInIndex = 0; path = Pods_MercadoLivreChallenge.framework; sourceTree = BUILT_PRODUCTS_DIR; };
/* End PBXFileReference section */

/* Begin PBXFrameworksBuildPhase section */
		57C5BCCC2CC82A11004929BC /* Frameworks */ = {
			isa = PBXFrameworksBuildPhase;
			buildActionMask = 2147483647;
			files = (
				F3CAEC0D9BF36D81E42BDE52 /* Pods_MercadoLivreChallenge.framework in Frameworks */,
			);
			runOnlyForDeploymentPostprocessing = 0;
		};
		57C5BCE52CC82A14004929BC /* Frameworks */ = {
			isa = PBXFrameworksBuildPhase;
			buildActionMask = 2147483647;
			files = (
				EC3E064F3D3DD02FB67B7518 /* Pods_MercadoLivreChallengeTests.framework in Frameworks */,
			);
			runOnlyForDeploymentPostprocessing = 0;
		};
		57C5BCEF2CC82A14004929BC /* Frameworks */ = {
			isa = PBXFrameworksBuildPhase;
			buildActionMask = 2147483647;
			files = (
				35303F96A2B40D6A0F88A5D1 /* Pods_MercadoLivreChallengeUITests.framework in Frameworks */,
			);
			runOnlyForDeploymentPostprocessing = 0;
		};
/* End PBXFrameworksBuildPhase section */

/* Begin PBXGroup section */
		04BC324651DD93A391A6B42E /* Pods */ = {
			isa = PBXGroup;
			children = (
				856333A055AC1AF2A21F078A /* Pods-MercadoLivreChallenge.debug.xcconfig */,
				6B7F1CEBE62A646E599ED3C8 /* Pods-MercadoLivreChallenge.release.xcconfig */,
				1C25B3C510C4AA18D6C09859 /* Pods-MercadoLivreChallenge-MercadoLivreChallengeUITests.debug.xcconfig */,
				C4E6D983D07CC72E6EDB55E5 /* Pods-MercadoLivreChallenge-MercadoLivreChallengeUITests.release.xcconfig */,
				FAA97BF36D631444C03A921C /* Pods-MercadoLivreChallengeTests.debug.xcconfig */,
				55957C42FE6C7560F3CA0631 /* Pods-MercadoLivreChallengeTests.release.xcconfig */,
				86B87E3B128E3A34E9B0811E /* Pods-MercadoLivreChallengeUITests.debug.xcconfig */,
				339020E412865E5E4BA382AF /* Pods-MercadoLivreChallengeUITests.release.xcconfig */,
			);
			path = Pods;
			sourceTree = "<group>";
		};
		573F58B02CCE122B00DF01E3 /* Home */ = {
			isa = PBXGroup;
			children = (
				573F58C02CCE12EE00DF01E3 /* Controllers */,
				573F58B42CCE127100DF01E3 /* Model */,
				573F58B62CCE128700DF01E3 /* View */,
				573F58B52CCE127900DF01E3 /* ViewModel */,
			);
			path = Home;
			sourceTree = "<group>";
		};
		573F58B12CCE123100DF01E3 /* ListProducts */ = {
			isa = PBXGroup;
			children = (
				573F58C12CCE12F600DF01E3 /* Controllers */,
				573F58B92CCE12BA00DF01E3 /* ViewModel */,
				573F58B82CCE12B500DF01E3 /* View */,
				573F58B72CCE12A800DF01E3 /* Model */,
			);
			path = ListProducts;
			sourceTree = "<group>";
		};
		573F58B22CCE123F00DF01E3 /* Favorites */ = {
			isa = PBXGroup;
			children = (
				573F58C22CCE12FC00DF01E3 /* Controllers */,
				573F58BC2CCE12CB00DF01E3 /* ViewModel */,
				573F58BB2CCE12C600DF01E3 /* View */,
				573F58BA2CCE12C100DF01E3 /* Model */,
			);
			path = Favorites;
			sourceTree = "<group>";
		};
		573F58B32CCE124600DF01E3 /* ProductDetails */ = {
			isa = PBXGroup;
			children = (
				573F58C32CCE130200DF01E3 /* Controllers */,
				573F58BF2CCE12D900DF01E3 /* ViewModel */,
				573F58BE2CCE12D500DF01E3 /* View */,
				573F58BD2CCE12D100DF01E3 /* Model */,
			);
			path = ProductDetails;
			sourceTree = "<group>";
		};
		573F58B42CCE127100DF01E3 /* Model */ = {
			isa = PBXGroup;
			children = (
				57CB99652CC83B8000F27D25 /* Category.swift */,
				573F58EB2CD0593400DF01E3 /* CategoryDetail.swift */,
				573F58EE2CD0595A00DF01E3 /* Settings.swift */,
			);
			path = Model;
			sourceTree = "<group>";
		};
		573F58B52CCE127900DF01E3 /* ViewModel */ = {
			isa = PBXGroup;
			children = (
				5764DADF2CCC58BA00399D9D /* HomeViewModel.swift */,
			);
			path = ViewModel;
			sourceTree = "<group>";
		};
		573F58B62CCE128700DF01E3 /* View */ = {
			isa = PBXGroup;
			children = (
				57CB99672CC83CFE00F27D25 /* HomeView.swift */,
				573F589E2CCC819600DF01E3 /* CategoryCollectionViewCell.swift */,
			);
			path = View;
			sourceTree = "<group>";
		};
		573F58B72CCE12A800DF01E3 /* Model */ = {
			isa = PBXGroup;
			children = (
				573F58AE2CCE10D500DF01E3 /* SearchResponse.swift */,
				57C5BD0D2CC82E0D004929BC /* Product.swift */,
			);
			path = Model;
			sourceTree = "<group>";
		};
		573F58B82CCE12B500DF01E3 /* View */ = {
			isa = PBXGroup;
			children = (
				57CB99692CC83D0F00F27D25 /* ListProductsView.swift */,
				573F58AA2CCE0A2800DF01E3 /* ProductCollectionViewCell.swift */,
			);
			path = View;
			sourceTree = "<group>";
		};
		573F58B92CCE12BA00DF01E3 /* ViewModel */ = {
			isa = PBXGroup;
			children = (
				573F58A82CCDBCC100DF01E3 /* ListProductsViewModel.swift */,
			);
			path = ViewModel;
			sourceTree = "<group>";
		};
		573F58BA2CCE12C100DF01E3 /* Model */ = {
			isa = PBXGroup;
			children = (
			);
			path = Model;
			sourceTree = "<group>";
		};
		573F58BB2CCE12C600DF01E3 /* View */ = {
			isa = PBXGroup;
			children = (
			);
			path = View;
			sourceTree = "<group>";
		};
		573F58BC2CCE12CB00DF01E3 /* ViewModel */ = {
			isa = PBXGroup;
			children = (
			);
			path = ViewModel;
			sourceTree = "<group>";
		};
		573F58BD2CCE12D100DF01E3 /* Model */ = {
			isa = PBXGroup;
			children = (
				573F58CE2CD0049F00DF01E3 /* ImageProduct.swift */,
				573F58D22CD022CA00DF01E3 /* ReviewRate.swift */,
				573F58D42CD0376700DF01E3 /* Installments.swift */,
				573F58D62CD0378000DF01E3 /* Shipping.swift */,
				573F58D82CD037A400DF01E3 /* Attribute.swift */,
				573F58DA2CD0381A00DF01E3 /* SalePrice.swift */,
			);
			path = Model;
			sourceTree = "<group>";
		};
		573F58BE2CCE12D500DF01E3 /* View */ = {
			isa = PBXGroup;
			children = (
				57C5BD0F2CC8320B004929BC /* ProductDetailsView.swift */,
			);
			path = View;
			sourceTree = "<group>";
		};
		573F58BF2CCE12D900DF01E3 /* ViewModel */ = {
			isa = PBXGroup;
			children = (
				57C5BD182CC83626004929BC /* ProductDetailsViewModel.swift */,
			);
			path = ViewModel;
			sourceTree = "<group>";
		};
		573F58C02CCE12EE00DF01E3 /* Controllers */ = {
			isa = PBXGroup;
			children = (
				573F58A62CCDB4EA00DF01E3 /* TabBarController.swift */,
				57C5BD142CC83469004929BC /* HomeViewController.swift */,
			);
			path = Controllers;
			sourceTree = "<group>";
		};
		573F58C12CCE12F600DF01E3 /* Controllers */ = {
			isa = PBXGroup;
			children = (
				57CB996B2CC83D3600F27D25 /* ListProductsViewController.swift */,
			);
			path = Controllers;
			sourceTree = "<group>";
		};
		573F58C22CCE12FC00DF01E3 /* Controllers */ = {
			isa = PBXGroup;
			children = (
				57CB996F2CC8404200F27D25 /* FavoritesViewController.swift */,
			);
			path = Controllers;
			sourceTree = "<group>";
		};
		573F58C32CCE130200DF01E3 /* Controllers */ = {
			isa = PBXGroup;
			children = (
				57C5BD122CC83239004929BC /* ProductDetailsViewController.swift */,
			);
			path = Controllers;
			sourceTree = "<group>";
		};
		573F58C42CCE131E00DF01E3 /* SettingsViewController */ = {
			isa = PBXGroup;
			children = (
				573F58C52CCE132700DF01E3 /* Controllers */,
				573F58C82CCE133900DF01E3 /* View */,
				573F58C72CCE133300DF01E3 /* Model */,
				573F58C62CCE132D00DF01E3 /* ViewModel */,
			);
			path = SettingsViewController;
			sourceTree = "<group>";
		};
		573F58C52CCE132700DF01E3 /* Controllers */ = {
			isa = PBXGroup;
			children = (
				57CB99712CC8407700F27D25 /* SettingsViewController.swift */,
			);
			path = Controllers;
			sourceTree = "<group>";
		};
		573F58C62CCE132D00DF01E3 /* ViewModel */ = {
			isa = PBXGroup;
			children = (
			);
			path = ViewModel;
			sourceTree = "<group>";
		};
		573F58C72CCE133300DF01E3 /* Model */ = {
			isa = PBXGroup;
			children = (
			);
			path = Model;
			sourceTree = "<group>";
		};
		573F58C82CCE133900DF01E3 /* View */ = {
			isa = PBXGroup;
			children = (
			);
			path = View;
			sourceTree = "<group>";
		};
		573F58C92CCE134F00DF01E3 /* ShoppingCart */ = {
			isa = PBXGroup;
			children = (
				573F58CA2CCE135600DF01E3 /* Controllers */,
			);
			path = ShoppingCart;
			sourceTree = "<group>";
		};
		573F58CA2CCE135600DF01E3 /* Controllers */ = {
			isa = PBXGroup;
			children = (
				573F589C2CCC74C200DF01E3 /* ShoppingCartViewController.swift */,
			);
			path = Controllers;
			sourceTree = "<group>";
		};
		573F58CB2CCE375C00DF01E3 /* Observable */ = {
			isa = PBXGroup;
			children = (
				573F58CC2CCE376800DF01E3 /* Observable.swift */,
			);
			path = Observable;
			sourceTree = "<group>";
		};
		57C5BCC62CC82A11004929BC = {
			isa = PBXGroup;
			children = (
				57C5BCD12CC82A11004929BC /* MercadoLivreChallenge */,
				57C5BCEB2CC82A14004929BC /* MercadoLivreChallengeTests */,
				57C5BCF52CC82A14004929BC /* MercadoLivreChallengeUITests */,
				57C5BCD02CC82A11004929BC /* Products */,
				04BC324651DD93A391A6B42E /* Pods */,
				58C22441369B2D836F0C5B85 /* Frameworks */,
			);
			sourceTree = "<group>";
		};
		57C5BCD02CC82A11004929BC /* Products */ = {
			isa = PBXGroup;
			children = (
				57C5BCCF2CC82A11004929BC /* MercadoLivreChallenge.app */,
				57C5BCE82CC82A14004929BC /* MercadoLivreChallengeTests.xctest */,
				57C5BCF22CC82A14004929BC /* MercadoLivreChallengeUITests.xctest */,
			);
			name = Products;
			sourceTree = "<group>";
		};
		57C5BCD12CC82A11004929BC /* MercadoLivreChallenge */ = {
			isa = PBXGroup;
			children = (
				573F58CB2CCE375C00DF01E3 /* Observable */,
				573F58B22CCE123F00DF01E3 /* Favorites */,
				57C5BD092CC82D1A004929BC /* Extensions */,
				57C5BD0A2CC82D28004929BC /* Networking */,
				573F58C92CCE134F00DF01E3 /* ShoppingCart */,
				573F58C42CCE131E00DF01E3 /* SettingsViewController */,
				573F58B32CCE124600DF01E3 /* ProductDetails */,
				573F58B12CCE123100DF01E3 /* ListProducts */,
				573F58B02CCE122B00DF01E3 /* Home */,
				57C5BCD22CC82A11004929BC /* AppDelegate.swift */,
				57C5BCD42CC82A11004929BC /* SceneDelegate.swift */,
				57C5BCDE2CC82A14004929BC /* Assets.xcassets */,
				57C5BCE02CC82A14004929BC /* LaunchScreen.storyboard */,
				57C5BCE32CC82A14004929BC /* Info.plist */,
				57C5BCDB2CC82A11004929BC /* MercadoLivreChallenge.xcdatamodeld */,
			);
			path = MercadoLivreChallenge;
			sourceTree = "<group>";
		};
		57C5BCEB2CC82A14004929BC /* MercadoLivreChallengeTests */ = {
			isa = PBXGroup;
			children = (
				57C5BCEC2CC82A14004929BC /* MercadoLivreChallengeTests.swift */,
				573F58DC2CD040CC00DF01E3 /* NetworkingManagerTests.swift */,
				573F58DE2CD0468200DF01E3 /* MockURLSession.swift */,
				573F58E02CD0548C00DF01E3 /* HomeViewModelTests.swift */,
				573F58E22CD054DE00DF01E3 /* MockNetworkingManager.swift */,
				573F58F32CD05C6400DF01E3 /* ListProductsViewModelTests.swift */,
				573F59012CD0647500DF01E3 /* MainModelTests.swift */,
			);
			path = MercadoLivreChallengeTests;
			sourceTree = "<group>";
		};
		57C5BCF52CC82A14004929BC /* MercadoLivreChallengeUITests */ = {
			isa = PBXGroup;
			children = (
				57C5BCF62CC82A14004929BC /* MercadoLivreChallengeUITests.swift */,
				57C5BCF82CC82A14004929BC /* MercadoLivreChallengeUITestsLaunchTests.swift */,
			);
			path = MercadoLivreChallengeUITests;
			sourceTree = "<group>";
		};
		57C5BD092CC82D1A004929BC /* Extensions */ = {
			isa = PBXGroup;
			children = (
				573F58A42CCDADFD00DF01E3 /* UIColor+Hex.swift */,
				573F58D02CD00A8500DF01E3 /* Double+formatPrice.swift */,
			);
			path = Extensions;
			sourceTree = "<group>";
		};
		57C5BD0A2CC82D28004929BC /* Networking */ = {
			isa = PBXGroup;
			children = (
				57C5BD0B2CC82D48004929BC /* NetworkingManager.swift */,
				573F58E72CD057E700DF01E3 /* NetworkingManagerProtocol.swift */,
			);
			path = Networking;
			sourceTree = "<group>";
		};
		58C22441369B2D836F0C5B85 /* Frameworks */ = {
			isa = PBXGroup;
			children = (
				FE9DE952221FA40D74345ADA /* Pods_MercadoLivreChallenge.framework */,
				6F41F4876A78791864E96AD5 /* Pods_MercadoLivreChallengeTests.framework */,
				7A4F7D1D524233687B4C4EE5 /* Pods_MercadoLivreChallengeUITests.framework */,
			);
			name = Frameworks;
			sourceTree = "<group>";
		};
/* End PBXGroup section */

/* Begin PBXNativeTarget section */
		57C5BCCE2CC82A11004929BC /* MercadoLivreChallenge */ = {
			isa = PBXNativeTarget;
			buildConfigurationList = 57C5BCFC2CC82A14004929BC /* Build configuration list for PBXNativeTarget "MercadoLivreChallenge" */;
			buildPhases = (
				FAF67EC06E7CD4F02CD793AB /* [CP] Check Pods Manifest.lock */,
				57C5BCCB2CC82A11004929BC /* Sources */,
				57C5BCCC2CC82A11004929BC /* Frameworks */,
				57C5BCCD2CC82A11004929BC /* Resources */,
				9352B55B28FE7B4DC332F922 /* [CP] Embed Pods Frameworks */,
			);
			buildRules = (
			);
			dependencies = (
			);
			name = MercadoLivreChallenge;
			productName = MercadoLivreChallenge;
			productReference = 57C5BCCF2CC82A11004929BC /* MercadoLivreChallenge.app */;
			productType = "com.apple.product-type.application";
		};
		57C5BCE72CC82A14004929BC /* MercadoLivreChallengeTests */ = {
			isa = PBXNativeTarget;
			buildConfigurationList = 57C5BCFF2CC82A14004929BC /* Build configuration list for PBXNativeTarget "MercadoLivreChallengeTests" */;
			buildPhases = (
				53A73340CF4CEC0617F62519 /* [CP] Check Pods Manifest.lock */,
				57C5BCE42CC82A14004929BC /* Sources */,
				57C5BCE52CC82A14004929BC /* Frameworks */,
				57C5BCE62CC82A14004929BC /* Resources */,
			);
			buildRules = (
			);
			dependencies = (
				57C5BCEA2CC82A14004929BC /* PBXTargetDependency */,
			);
			name = MercadoLivreChallengeTests;
			productName = MercadoLivreChallengeTests;
			productReference = 57C5BCE82CC82A14004929BC /* MercadoLivreChallengeTests.xctest */;
			productType = "com.apple.product-type.bundle.unit-test";
		};
		57C5BCF12CC82A14004929BC /* MercadoLivreChallengeUITests */ = {
			isa = PBXNativeTarget;
			buildConfigurationList = 57C5BD022CC82A14004929BC /* Build configuration list for PBXNativeTarget "MercadoLivreChallengeUITests" */;
			buildPhases = (
				0C717273980FE40CCE2D2257 /* [CP] Check Pods Manifest.lock */,
				57C5BCEE2CC82A14004929BC /* Sources */,
				57C5BCEF2CC82A14004929BC /* Frameworks */,
				57C5BCF02CC82A14004929BC /* Resources */,
			);
			buildRules = (
			);
			dependencies = (
				57C5BCF42CC82A14004929BC /* PBXTargetDependency */,
			);
			name = MercadoLivreChallengeUITests;
			productName = MercadoLivreChallengeUITests;
			productReference = 57C5BCF22CC82A14004929BC /* MercadoLivreChallengeUITests.xctest */;
			productType = "com.apple.product-type.bundle.ui-testing";
		};
/* End PBXNativeTarget section */

/* Begin PBXProject section */
		57C5BCC72CC82A11004929BC /* Project object */ = {
			isa = PBXProject;
			attributes = {
				BuildIndependentTargetsInParallel = 1;
				LastSwiftUpdateCheck = 1430;
				LastUpgradeCheck = 1430;
				TargetAttributes = {
					57C5BCCE2CC82A11004929BC = {
						CreatedOnToolsVersion = 14.3.1;
					};
					57C5BCE72CC82A14004929BC = {
						CreatedOnToolsVersion = 14.3.1;
						TestTargetID = 57C5BCCE2CC82A11004929BC;
					};
					57C5BCF12CC82A14004929BC = {
						CreatedOnToolsVersion = 14.3.1;
						TestTargetID = 57C5BCCE2CC82A11004929BC;
					};
				};
			};
			buildConfigurationList = 57C5BCCA2CC82A11004929BC /* Build configuration list for PBXProject "MercadoLivreChallenge" */;
			compatibilityVersion = "Xcode 14.0";
			developmentRegion = en;
			hasScannedForEncodings = 0;
			knownRegions = (
				en,
				Base,
			);
			mainGroup = 57C5BCC62CC82A11004929BC;
			productRefGroup = 57C5BCD02CC82A11004929BC /* Products */;
			projectDirPath = "";
			projectRoot = "";
			targets = (
				57C5BCCE2CC82A11004929BC /* MercadoLivreChallenge */,
				57C5BCE72CC82A14004929BC /* MercadoLivreChallengeTests */,
				57C5BCF12CC82A14004929BC /* MercadoLivreChallengeUITests */,
			);
		};
/* End PBXProject section */

/* Begin PBXResourcesBuildPhase section */
		57C5BCCD2CC82A11004929BC /* Resources */ = {
			isa = PBXResourcesBuildPhase;
			buildActionMask = 2147483647;
			files = (
				57C5BCE22CC82A14004929BC /* LaunchScreen.storyboard in Resources */,
				57C5BCDF2CC82A14004929BC /* Assets.xcassets in Resources */,
			);
			runOnlyForDeploymentPostprocessing = 0;
		};
		57C5BCE62CC82A14004929BC /* Resources */ = {
			isa = PBXResourcesBuildPhase;
			buildActionMask = 2147483647;
			files = (
			);
			runOnlyForDeploymentPostprocessing = 0;
		};
		57C5BCF02CC82A14004929BC /* Resources */ = {
			isa = PBXResourcesBuildPhase;
			buildActionMask = 2147483647;
			files = (
			);
			runOnlyForDeploymentPostprocessing = 0;
		};
/* End PBXResourcesBuildPhase section */

/* Begin PBXShellScriptBuildPhase section */
		0C717273980FE40CCE2D2257 /* [CP] Check Pods Manifest.lock */ = {
			isa = PBXShellScriptBuildPhase;
			buildActionMask = 2147483647;
			files = (
			);
			inputFileListPaths = (
			);
			inputPaths = (
				"${PODS_PODFILE_DIR_PATH}/Podfile.lock",
				"${PODS_ROOT}/Manifest.lock",
			);
			name = "[CP] Check Pods Manifest.lock";
			outputFileListPaths = (
			);
			outputPaths = (
				"$(DERIVED_FILE_DIR)/Pods-MercadoLivreChallengeUITests-checkManifestLockResult.txt",
			);
			runOnlyForDeploymentPostprocessing = 0;
			shellPath = /bin/sh;
			shellScript = "diff \"${PODS_PODFILE_DIR_PATH}/Podfile.lock\" \"${PODS_ROOT}/Manifest.lock\" > /dev/null\nif [ $? != 0 ] ; then\n    # print error to STDERR\n    echo \"error: The sandbox is not in sync with the Podfile.lock. Run 'pod install' or update your CocoaPods installation.\" >&2\n    exit 1\nfi\n# This output is used by Xcode 'outputs' to avoid re-running this script phase.\necho \"SUCCESS\" > \"${SCRIPT_OUTPUT_FILE_0}\"\n";
			showEnvVarsInLog = 0;
		};
		53A73340CF4CEC0617F62519 /* [CP] Check Pods Manifest.lock */ = {
			isa = PBXShellScriptBuildPhase;
			buildActionMask = 2147483647;
			files = (
			);
			inputFileListPaths = (
			);
			inputPaths = (
				"${PODS_PODFILE_DIR_PATH}/Podfile.lock",
				"${PODS_ROOT}/Manifest.lock",
			);
			name = "[CP] Check Pods Manifest.lock";
			outputFileListPaths = (
			);
			outputPaths = (
				"$(DERIVED_FILE_DIR)/Pods-MercadoLivreChallengeTests-checkManifestLockResult.txt",
			);
			runOnlyForDeploymentPostprocessing = 0;
			shellPath = /bin/sh;
			shellScript = "diff \"${PODS_PODFILE_DIR_PATH}/Podfile.lock\" \"${PODS_ROOT}/Manifest.lock\" > /dev/null\nif [ $? != 0 ] ; then\n    # print error to STDERR\n    echo \"error: The sandbox is not in sync with the Podfile.lock. Run 'pod install' or update your CocoaPods installation.\" >&2\n    exit 1\nfi\n# This output is used by Xcode 'outputs' to avoid re-running this script phase.\necho \"SUCCESS\" > \"${SCRIPT_OUTPUT_FILE_0}\"\n";
			showEnvVarsInLog = 0;
		};
		9352B55B28FE7B4DC332F922 /* [CP] Embed Pods Frameworks */ = {
			isa = PBXShellScriptBuildPhase;
			buildActionMask = 2147483647;
			files = (
			);
			inputFileListPaths = (
				"${PODS_ROOT}/Target Support Files/Pods-MercadoLivreChallenge/Pods-MercadoLivreChallenge-frameworks-${CONFIGURATION}-input-files.xcfilelist",
			);
			name = "[CP] Embed Pods Frameworks";
			outputFileListPaths = (
				"${PODS_ROOT}/Target Support Files/Pods-MercadoLivreChallenge/Pods-MercadoLivreChallenge-frameworks-${CONFIGURATION}-output-files.xcfilelist",
			);
			runOnlyForDeploymentPostprocessing = 0;
			shellPath = /bin/sh;
			shellScript = "\"${PODS_ROOT}/Target Support Files/Pods-MercadoLivreChallenge/Pods-MercadoLivreChallenge-frameworks.sh\"\n";
			showEnvVarsInLog = 0;
		};
		FAF67EC06E7CD4F02CD793AB /* [CP] Check Pods Manifest.lock */ = {
			isa = PBXShellScriptBuildPhase;
			buildActionMask = 2147483647;
			files = (
			);
			inputFileListPaths = (
			);
			inputPaths = (
				"${PODS_PODFILE_DIR_PATH}/Podfile.lock",
				"${PODS_ROOT}/Manifest.lock",
			);
			name = "[CP] Check Pods Manifest.lock";
			outputFileListPaths = (
			);
			outputPaths = (
				"$(DERIVED_FILE_DIR)/Pods-MercadoLivreChallenge-checkManifestLockResult.txt",
			);
			runOnlyForDeploymentPostprocessing = 0;
			shellPath = /bin/sh;
			shellScript = "diff \"${PODS_PODFILE_DIR_PATH}/Podfile.lock\" \"${PODS_ROOT}/Manifest.lock\" > /dev/null\nif [ $? != 0 ] ; then\n    # print error to STDERR\n    echo \"error: The sandbox is not in sync with the Podfile.lock. Run 'pod install' or update your CocoaPods installation.\" >&2\n    exit 1\nfi\n# This output is used by Xcode 'outputs' to avoid re-running this script phase.\necho \"SUCCESS\" > \"${SCRIPT_OUTPUT_FILE_0}\"\n";
			showEnvVarsInLog = 0;
		};
/* End PBXShellScriptBuildPhase section */

/* Begin PBXSourcesBuildPhase section */
		57C5BCCB2CC82A11004929BC /* Sources */ = {
			isa = PBXSourcesBuildPhase;
			buildActionMask = 2147483647;
			files = (
				573F58A52CCDADFD00DF01E3 /* UIColor+Hex.swift in Sources */,
				57C5BCD32CC82A11004929BC /* AppDelegate.swift in Sources */,
				573F58AB2CCE0A2800DF01E3 /* ProductCollectionViewCell.swift in Sources */,
				573F58EF2CD0595A00DF01E3 /* Settings.swift in Sources */,
				57CB996C2CC83D3600F27D25 /* ListProductsViewController.swift in Sources */,
				57CB99662CC83B8000F27D25 /* Category.swift in Sources */,
				57C5BCDD2CC82A11004929BC /* MercadoLivreChallenge.xcdatamodeld in Sources */,
				57C5BD0C2CC82D48004929BC /* NetworkingManager.swift in Sources */,
				57CB996A2CC83D0F00F27D25 /* ListProductsView.swift in Sources */,
				57C5BD152CC83469004929BC /* HomeViewController.swift in Sources */,
				573F58EC2CD0593400DF01E3 /* CategoryDetail.swift in Sources */,
				573F58F72CD0615400DF01E3 /* NetworkingManagerProtocol.swift in Sources */,
				573F589F2CCC819600DF01E3 /* CategoryCollectionViewCell.swift in Sources */,
				573F58A92CCDBCC100DF01E3 /* ListProductsViewModel.swift in Sources */,
				573F58D52CD0376700DF01E3 /* Installments.swift in Sources */,
				573F58CD2CCE376800DF01E3 /* Observable.swift in Sources */,
				57CB99722CC8407700F27D25 /* SettingsViewController.swift in Sources */,
				57CB99682CC83CFE00F27D25 /* HomeView.swift in Sources */,
				57C5BD102CC8320B004929BC /* ProductDetailsView.swift in Sources */,
				57C5BD192CC83626004929BC /* ProductDetailsViewModel.swift in Sources */,
				57C5BCD52CC82A11004929BC /* SceneDelegate.swift in Sources */,
				573F58CF2CD0049F00DF01E3 /* ImageProduct.swift in Sources */,
				5764DAE02CCC58BA00399D9D /* HomeViewModel.swift in Sources */,
				573F58A72CCDB4EA00DF01E3 /* TabBarController.swift in Sources */,
				573F58D32CD022CA00DF01E3 /* ReviewRate.swift in Sources */,
				57C5BD132CC83239004929BC /* ProductDetailsViewController.swift in Sources */,
				573F58AF2CCE10D500DF01E3 /* SearchResponse.swift in Sources */,
				57CB99702CC8404200F27D25 /* FavoritesViewController.swift in Sources */,
				573F589D2CCC74C200DF01E3 /* ShoppingCartViewController.swift in Sources */,
				573F58D72CD0378000DF01E3 /* Shipping.swift in Sources */,
				57C5BD0E2CC82E0D004929BC /* Product.swift in Sources */,
				573F58D12CD00A8500DF01E3 /* Double+formatPrice.swift in Sources */,
				573F58DB2CD0381A00DF01E3 /* SalePrice.swift in Sources */,
				573F58D92CD037A400DF01E3 /* Attribute.swift in Sources */,
			);
			runOnlyForDeploymentPostprocessing = 0;
		};
		57C5BCE42CC82A14004929BC /* Sources */ = {
			isa = PBXSourcesBuildPhase;
			buildActionMask = 2147483647;
			files = (
				573F59002CD062BE00DF01E3 /* SalePrice.swift in Sources */,
				573F58F02CD05A5B00DF01E3 /* CategoryDetail.swift in Sources */,
				573F58DF2CD0468200DF01E3 /* MockURLSession.swift in Sources */,
				57C5BCED2CC82A14004929BC /* MercadoLivreChallengeTests.swift in Sources */,
				573F58E62CD057A400DF01E3 /* HomeViewModel.swift in Sources */,
				573F58F22CD05A8900DF01E3 /* Observable.swift in Sources */,
				573F59032CD0647500DF01E3 /* MainModelTests.swift in Sources */,
				573F58FC2CD062B500DF01E3 /* ReviewRate.swift in Sources */,
				573F58FD2CD062B700DF01E3 /* Installments.swift in Sources */,
				573F58FE2CD062BA00DF01E3 /* Shipping.swift in Sources */,
				573F58FB2CD062B300DF01E3 /* ImageProduct.swift in Sources */,
				573F58F52CD05C6400DF01E3 /* ListProductsViewModelTests.swift in Sources */,
				573F58F82CD061FF00DF01E3 /* ListProductsViewModel.swift in Sources */,
				573F58E32CD054DE00DF01E3 /* MockNetworkingManager.swift in Sources */,
				573F58E52CD0575E00DF01E3 /* NetworkingManager.swift in Sources */,
				573F58FA2CD0625700DF01E3 /* Product.swift in Sources */,
				573F58EA2CD0586400DF01E3 /* Category.swift in Sources */,
				573F58DD2CD040CC00DF01E3 /* NetworkingManagerTests.swift in Sources */,
				573F58F92CD0625400DF01E3 /* SearchResponse.swift in Sources */,
				573F58E12CD0548C00DF01E3 /* HomeViewModelTests.swift in Sources */,
				573F58FF2CD062BC00DF01E3 /* Attribute.swift in Sources */,
				573F58F12CD05A5F00DF01E3 /* Settings.swift in Sources */,
				573F58E92CD057FF00DF01E3 /* NetworkingManagerProtocol.swift in Sources */,
			);
			runOnlyForDeploymentPostprocessing = 0;
		};
		57C5BCEE2CC82A14004929BC /* Sources */ = {
			isa = PBXSourcesBuildPhase;
			buildActionMask = 2147483647;
			files = (
				57C5BCF72CC82A14004929BC /* MercadoLivreChallengeUITests.swift in Sources */,
				57C5BCF92CC82A14004929BC /* MercadoLivreChallengeUITestsLaunchTests.swift in Sources */,
			);
			runOnlyForDeploymentPostprocessing = 0;
		};
/* End PBXSourcesBuildPhase section */

/* Begin PBXTargetDependency section */
		57C5BCEA2CC82A14004929BC /* PBXTargetDependency */ = {
			isa = PBXTargetDependency;
			target = 57C5BCCE2CC82A11004929BC /* MercadoLivreChallenge */;
			targetProxy = 57C5BCE92CC82A14004929BC /* PBXContainerItemProxy */;
		};
		57C5BCF42CC82A14004929BC /* PBXTargetDependency */ = {
			isa = PBXTargetDependency;
			target = 57C5BCCE2CC82A11004929BC /* MercadoLivreChallenge */;
			targetProxy = 57C5BCF32CC82A14004929BC /* PBXContainerItemProxy */;
		};
/* End PBXTargetDependency section */

/* Begin PBXVariantGroup section */
		57C5BCE02CC82A14004929BC /* LaunchScreen.storyboard */ = {
			isa = PBXVariantGroup;
			children = (
				57C5BCE12CC82A14004929BC /* Base */,
			);
			name = LaunchScreen.storyboard;
			sourceTree = "<group>";
		};
/* End PBXVariantGroup section */

/* Begin XCBuildConfiguration section */
		57C5BCFA2CC82A14004929BC /* Debug */ = {
			isa = XCBuildConfiguration;
			buildSettings = {
				ALWAYS_SEARCH_USER_PATHS = NO;
				CLANG_ANALYZER_NONNULL = YES;
				CLANG_ANALYZER_NUMBER_OBJECT_CONVERSION = YES_AGGRESSIVE;
				CLANG_CXX_LANGUAGE_STANDARD = "gnu++20";
				CLANG_ENABLE_MODULES = YES;
				CLANG_ENABLE_OBJC_ARC = YES;
				CLANG_ENABLE_OBJC_WEAK = YES;
				CLANG_WARN_BLOCK_CAPTURE_AUTORELEASING = YES;
				CLANG_WARN_BOOL_CONVERSION = YES;
				CLANG_WARN_COMMA = YES;
				CLANG_WARN_CONSTANT_CONVERSION = YES;
				CLANG_WARN_DEPRECATED_OBJC_IMPLEMENTATIONS = YES;
				CLANG_WARN_DIRECT_OBJC_ISA_USAGE = YES_ERROR;
				CLANG_WARN_DOCUMENTATION_COMMENTS = YES;
				CLANG_WARN_EMPTY_BODY = YES;
				CLANG_WARN_ENUM_CONVERSION = YES;
				CLANG_WARN_INFINITE_RECURSION = YES;
				CLANG_WARN_INT_CONVERSION = YES;
				CLANG_WARN_NON_LITERAL_NULL_CONVERSION = YES;
				CLANG_WARN_OBJC_IMPLICIT_RETAIN_SELF = YES;
				CLANG_WARN_OBJC_LITERAL_CONVERSION = YES;
				CLANG_WARN_OBJC_ROOT_CLASS = YES_ERROR;
				CLANG_WARN_QUOTED_INCLUDE_IN_FRAMEWORK_HEADER = YES;
				CLANG_WARN_RANGE_LOOP_ANALYSIS = YES;
				CLANG_WARN_STRICT_PROTOTYPES = YES;
				CLANG_WARN_SUSPICIOUS_MOVE = YES;
				CLANG_WARN_UNGUARDED_AVAILABILITY = YES_AGGRESSIVE;
				CLANG_WARN_UNREACHABLE_CODE = YES;
				CLANG_WARN__DUPLICATE_METHOD_MATCH = YES;
				COPY_PHASE_STRIP = NO;
				DEBUG_INFORMATION_FORMAT = dwarf;
				ENABLE_STRICT_OBJC_MSGSEND = YES;
				ENABLE_TESTABILITY = YES;
				GCC_C_LANGUAGE_STANDARD = gnu11;
				GCC_DYNAMIC_NO_PIC = NO;
				GCC_NO_COMMON_BLOCKS = YES;
				GCC_OPTIMIZATION_LEVEL = 0;
				GCC_PREPROCESSOR_DEFINITIONS = (
					"DEBUG=1",
					"$(inherited)",
				);
				GCC_WARN_64_TO_32_BIT_CONVERSION = YES;
				GCC_WARN_ABOUT_RETURN_TYPE = YES_ERROR;
				GCC_WARN_UNDECLARED_SELECTOR = YES;
				GCC_WARN_UNINITIALIZED_AUTOS = YES_AGGRESSIVE;
				GCC_WARN_UNUSED_FUNCTION = YES;
				GCC_WARN_UNUSED_VARIABLE = YES;
				IPHONEOS_DEPLOYMENT_TARGET = 16.4;
				MTL_ENABLE_DEBUG_INFO = INCLUDE_SOURCE;
				MTL_FAST_MATH = YES;
				ONLY_ACTIVE_ARCH = YES;
				SDKROOT = iphoneos;
				SWIFT_ACTIVE_COMPILATION_CONDITIONS = DEBUG;
				SWIFT_OPTIMIZATION_LEVEL = "-Onone";
			};
			name = Debug;
		};
		57C5BCFB2CC82A14004929BC /* Release */ = {
			isa = XCBuildConfiguration;
			buildSettings = {
				ALWAYS_SEARCH_USER_PATHS = NO;
				CLANG_ANALYZER_NONNULL = YES;
				CLANG_ANALYZER_NUMBER_OBJECT_CONVERSION = YES_AGGRESSIVE;
				CLANG_CXX_LANGUAGE_STANDARD = "gnu++20";
				CLANG_ENABLE_MODULES = YES;
				CLANG_ENABLE_OBJC_ARC = YES;
				CLANG_ENABLE_OBJC_WEAK = YES;
				CLANG_WARN_BLOCK_CAPTURE_AUTORELEASING = YES;
				CLANG_WARN_BOOL_CONVERSION = YES;
				CLANG_WARN_COMMA = YES;
				CLANG_WARN_CONSTANT_CONVERSION = YES;
				CLANG_WARN_DEPRECATED_OBJC_IMPLEMENTATIONS = YES;
				CLANG_WARN_DIRECT_OBJC_ISA_USAGE = YES_ERROR;
				CLANG_WARN_DOCUMENTATION_COMMENTS = YES;
				CLANG_WARN_EMPTY_BODY = YES;
				CLANG_WARN_ENUM_CONVERSION = YES;
				CLANG_WARN_INFINITE_RECURSION = YES;
				CLANG_WARN_INT_CONVERSION = YES;
				CLANG_WARN_NON_LITERAL_NULL_CONVERSION = YES;
				CLANG_WARN_OBJC_IMPLICIT_RETAIN_SELF = YES;
				CLANG_WARN_OBJC_LITERAL_CONVERSION = YES;
				CLANG_WARN_OBJC_ROOT_CLASS = YES_ERROR;
				CLANG_WARN_QUOTED_INCLUDE_IN_FRAMEWORK_HEADER = YES;
				CLANG_WARN_RANGE_LOOP_ANALYSIS = YES;
				CLANG_WARN_STRICT_PROTOTYPES = YES;
				CLANG_WARN_SUSPICIOUS_MOVE = YES;
				CLANG_WARN_UNGUARDED_AVAILABILITY = YES_AGGRESSIVE;
				CLANG_WARN_UNREACHABLE_CODE = YES;
				CLANG_WARN__DUPLICATE_METHOD_MATCH = YES;
				COPY_PHASE_STRIP = NO;
				DEBUG_INFORMATION_FORMAT = "dwarf-with-dsym";
				ENABLE_NS_ASSERTIONS = NO;
				ENABLE_STRICT_OBJC_MSGSEND = YES;
				GCC_C_LANGUAGE_STANDARD = gnu11;
				GCC_NO_COMMON_BLOCKS = YES;
				GCC_WARN_64_TO_32_BIT_CONVERSION = YES;
				GCC_WARN_ABOUT_RETURN_TYPE = YES_ERROR;
				GCC_WARN_UNDECLARED_SELECTOR = YES;
				GCC_WARN_UNINITIALIZED_AUTOS = YES_AGGRESSIVE;
				GCC_WARN_UNUSED_FUNCTION = YES;
				GCC_WARN_UNUSED_VARIABLE = YES;
				IPHONEOS_DEPLOYMENT_TARGET = 16.4;
				MTL_ENABLE_DEBUG_INFO = NO;
				MTL_FAST_MATH = YES;
				SDKROOT = iphoneos;
				SWIFT_COMPILATION_MODE = wholemodule;
				SWIFT_OPTIMIZATION_LEVEL = "-O";
				VALIDATE_PRODUCT = YES;
			};
			name = Release;
		};
		57C5BCFD2CC82A14004929BC /* Debug */ = {
			isa = XCBuildConfiguration;
			baseConfigurationReference = 856333A055AC1AF2A21F078A /* Pods-MercadoLivreChallenge.debug.xcconfig */;
			buildSettings = {
				ASSETCATALOG_COMPILER_APPICON_NAME = AppIcon;
				ASSETCATALOG_COMPILER_GLOBAL_ACCENT_COLOR_NAME = AccentColor;
				CODE_SIGN_STYLE = Automatic;
				CURRENT_PROJECT_VERSION = 1;
				DEVELOPMENT_TEAM = KXUSNVLP69;
				GENERATE_INFOPLIST_FILE = YES;
				INFOPLIST_FILE = MercadoLivreChallenge/Info.plist;
				INFOPLIST_KEY_UIApplicationSupportsIndirectInputEvents = YES;
				INFOPLIST_KEY_UILaunchStoryboardName = LaunchScreen;
				INFOPLIST_KEY_UISupportedInterfaceOrientations_iPad = "UIInterfaceOrientationPortrait UIInterfaceOrientationPortraitUpsideDown UIInterfaceOrientationLandscapeLeft UIInterfaceOrientationLandscapeRight";
				INFOPLIST_KEY_UISupportedInterfaceOrientations_iPhone = "UIInterfaceOrientationPortrait UIInterfaceOrientationLandscapeLeft UIInterfaceOrientationLandscapeRight";
				LD_RUNPATH_SEARCH_PATHS = (
					"$(inherited)",
					"@executable_path/Frameworks",
				);
				MARKETING_VERSION = 1.0;
				PRODUCT_BUNDLE_IDENTIFIER = rgirao.MercadoLivreChallenge;
				PRODUCT_NAME = "$(TARGET_NAME)";
				SWIFT_EMIT_LOC_STRINGS = YES;
				SWIFT_VERSION = 5.0;
				TARGETED_DEVICE_FAMILY = "1,2";
			};
			name = Debug;
		};
		57C5BCFE2CC82A14004929BC /* Release */ = {
			isa = XCBuildConfiguration;
			baseConfigurationReference = 6B7F1CEBE62A646E599ED3C8 /* Pods-MercadoLivreChallenge.release.xcconfig */;
			buildSettings = {
				ASSETCATALOG_COMPILER_APPICON_NAME = AppIcon;
				ASSETCATALOG_COMPILER_GLOBAL_ACCENT_COLOR_NAME = AccentColor;
				CODE_SIGN_STYLE = Automatic;
				CURRENT_PROJECT_VERSION = 1;
				DEVELOPMENT_TEAM = KXUSNVLP69;
				GENERATE_INFOPLIST_FILE = YES;
				INFOPLIST_FILE = MercadoLivreChallenge/Info.plist;
				INFOPLIST_KEY_UIApplicationSupportsIndirectInputEvents = YES;
				INFOPLIST_KEY_UILaunchStoryboardName = LaunchScreen;
				INFOPLIST_KEY_UISupportedInterfaceOrientations_iPad = "UIInterfaceOrientationPortrait UIInterfaceOrientationPortraitUpsideDown UIInterfaceOrientationLandscapeLeft UIInterfaceOrientationLandscapeRight";
				INFOPLIST_KEY_UISupportedInterfaceOrientations_iPhone = "UIInterfaceOrientationPortrait UIInterfaceOrientationLandscapeLeft UIInterfaceOrientationLandscapeRight";
				LD_RUNPATH_SEARCH_PATHS = (
					"$(inherited)",
					"@executable_path/Frameworks",
				);
				MARKETING_VERSION = 1.0;
				PRODUCT_BUNDLE_IDENTIFIER = rgirao.MercadoLivreChallenge;
				PRODUCT_NAME = "$(TARGET_NAME)";
				SWIFT_EMIT_LOC_STRINGS = YES;
				SWIFT_VERSION = 5.0;
				TARGETED_DEVICE_FAMILY = "1,2";
			};
			name = Release;
		};
		57C5BD002CC82A14004929BC /* Debug */ = {
			isa = XCBuildConfiguration;
			baseConfigurationReference = FAA97BF36D631444C03A921C /* Pods-MercadoLivreChallengeTests.debug.xcconfig */;
			buildSettings = {
				ALWAYS_EMBED_SWIFT_STANDARD_LIBRARIES = YES;
				BUNDLE_LOADER = "$(TEST_HOST)";
				CODE_SIGN_STYLE = Automatic;
				CURRENT_PROJECT_VERSION = 1;
				DEVELOPMENT_TEAM = KXUSNVLP69;
				GENERATE_INFOPLIST_FILE = YES;
				IPHONEOS_DEPLOYMENT_TARGET = 16.4;
				MARKETING_VERSION = 1.0;
				PRODUCT_BUNDLE_IDENTIFIER = rgirao.MercadoLivreChallengeTests;
				PRODUCT_NAME = "$(TARGET_NAME)";
				SWIFT_EMIT_LOC_STRINGS = NO;
				SWIFT_VERSION = 5.0;
				TARGETED_DEVICE_FAMILY = "1,2";
				TEST_HOST = "$(BUILT_PRODUCTS_DIR)/MercadoLivreChallenge.app/$(BUNDLE_EXECUTABLE_FOLDER_PATH)/MercadoLivreChallenge";
			};
			name = Debug;
		};
		57C5BD012CC82A14004929BC /* Release */ = {
			isa = XCBuildConfiguration;
			baseConfigurationReference = 55957C42FE6C7560F3CA0631 /* Pods-MercadoLivreChallengeTests.release.xcconfig */;
			buildSettings = {
				ALWAYS_EMBED_SWIFT_STANDARD_LIBRARIES = YES;
				BUNDLE_LOADER = "$(TEST_HOST)";
				CODE_SIGN_STYLE = Automatic;
				CURRENT_PROJECT_VERSION = 1;
				DEVELOPMENT_TEAM = KXUSNVLP69;
				GENERATE_INFOPLIST_FILE = YES;
				IPHONEOS_DEPLOYMENT_TARGET = 16.4;
				MARKETING_VERSION = 1.0;
				PRODUCT_BUNDLE_IDENTIFIER = rgirao.MercadoLivreChallengeTests;
				PRODUCT_NAME = "$(TARGET_NAME)";
				SWIFT_EMIT_LOC_STRINGS = NO;
				SWIFT_VERSION = 5.0;
				TARGETED_DEVICE_FAMILY = "1,2";
				TEST_HOST = "$(BUILT_PRODUCTS_DIR)/MercadoLivreChallenge.app/$(BUNDLE_EXECUTABLE_FOLDER_PATH)/MercadoLivreChallenge";
			};
			name = Release;
		};
		57C5BD032CC82A14004929BC /* Debug */ = {
			isa = XCBuildConfiguration;
			baseConfigurationReference = 86B87E3B128E3A34E9B0811E /* Pods-MercadoLivreChallengeUITests.debug.xcconfig */;
			buildSettings = {
				ALWAYS_EMBED_SWIFT_STANDARD_LIBRARIES = YES;
				CODE_SIGN_STYLE = Automatic;
				CURRENT_PROJECT_VERSION = 1;
				DEVELOPMENT_TEAM = KXUSNVLP69;
				GENERATE_INFOPLIST_FILE = YES;
				MARKETING_VERSION = 1.0;
				PRODUCT_BUNDLE_IDENTIFIER = rgirao.MercadoLivreChallengeUITests;
				PRODUCT_NAME = "$(TARGET_NAME)";
				SWIFT_EMIT_LOC_STRINGS = NO;
				SWIFT_VERSION = 5.0;
				TARGETED_DEVICE_FAMILY = "1,2";
				TEST_TARGET_NAME = MercadoLivreChallenge;
			};
			name = Debug;
		};
		57C5BD042CC82A14004929BC /* Release */ = {
			isa = XCBuildConfiguration;
			baseConfigurationReference = 339020E412865E5E4BA382AF /* Pods-MercadoLivreChallengeUITests.release.xcconfig */;
			buildSettings = {
				ALWAYS_EMBED_SWIFT_STANDARD_LIBRARIES = YES;
				CODE_SIGN_STYLE = Automatic;
				CURRENT_PROJECT_VERSION = 1;
				DEVELOPMENT_TEAM = KXUSNVLP69;
				GENERATE_INFOPLIST_FILE = YES;
				MARKETING_VERSION = 1.0;
				PRODUCT_BUNDLE_IDENTIFIER = rgirao.MercadoLivreChallengeUITests;
				PRODUCT_NAME = "$(TARGET_NAME)";
				SWIFT_EMIT_LOC_STRINGS = NO;
				SWIFT_VERSION = 5.0;
				TARGETED_DEVICE_FAMILY = "1,2";
				TEST_TARGET_NAME = MercadoLivreChallenge;
			};
			name = Release;
		};
/* End XCBuildConfiguration section */

/* Begin XCConfigurationList section */
		57C5BCCA2CC82A11004929BC /* Build configuration list for PBXProject "MercadoLivreChallenge" */ = {
			isa = XCConfigurationList;
			buildConfigurations = (
				57C5BCFA2CC82A14004929BC /* Debug */,
				57C5BCFB2CC82A14004929BC /* Release */,
			);
			defaultConfigurationIsVisible = 0;
			defaultConfigurationName = Release;
		};
		57C5BCFC2CC82A14004929BC /* Build configuration list for PBXNativeTarget "MercadoLivreChallenge" */ = {
			isa = XCConfigurationList;
			buildConfigurations = (
				57C5BCFD2CC82A14004929BC /* Debug */,
				57C5BCFE2CC82A14004929BC /* Release */,
			);
			defaultConfigurationIsVisible = 0;
			defaultConfigurationName = Release;
		};
		57C5BCFF2CC82A14004929BC /* Build configuration list for PBXNativeTarget "MercadoLivreChallengeTests" */ = {
			isa = XCConfigurationList;
			buildConfigurations = (
				57C5BD002CC82A14004929BC /* Debug */,
				57C5BD012CC82A14004929BC /* Release */,
			);
			defaultConfigurationIsVisible = 0;
			defaultConfigurationName = Release;
		};
		57C5BD022CC82A14004929BC /* Build configuration list for PBXNativeTarget "MercadoLivreChallengeUITests" */ = {
			isa = XCConfigurationList;
			buildConfigurations = (
				57C5BD032CC82A14004929BC /* Debug */,
				57C5BD042CC82A14004929BC /* Release */,
			);
			defaultConfigurationIsVisible = 0;
			defaultConfigurationName = Release;
		};
/* End XCConfigurationList section */

/* Begin XCVersionGroup section */
		57C5BCDB2CC82A11004929BC /* MercadoLivreChallenge.xcdatamodeld */ = {
			isa = XCVersionGroup;
			children = (
				57C5BCDC2CC82A11004929BC /* MercadoLivreChallenge.xcdatamodel */,
			);
			currentVersion = 57C5BCDC2CC82A11004929BC /* MercadoLivreChallenge.xcdatamodel */;
			path = MercadoLivreChallenge.xcdatamodeld;
			sourceTree = "<group>";
			versionGroupType = wrapper.xcdatamodel;
		};
/* End XCVersionGroup section */
	};
	rootObject = 57C5BCC72CC82A11004929BC /* Project object */;
}
